// !$*UTF8*$!
{
	archiveVersion = 1;
	classes = {
	};
	objectVersion = 46;
	objects = {

/* Begin PBXBuildFile section */
		2D06F9A11B5947C20050CF40 /* LogoCell.m in Sources */ = {isa = PBXBuildFile; fileRef = 2D06F9A01B5947C20050CF40 /* LogoCell.m */; };
		2D2AC0841B4D491F0075106D /* main.m in Sources */ = {isa = PBXBuildFile; fileRef = 2D2AC0831B4D491F0075106D /* main.m */; };
		2D2AC0871B4D491F0075106D /* AppDelegate.m in Sources */ = {isa = PBXBuildFile; fileRef = 2D2AC0861B4D491F0075106D /* AppDelegate.m */; };
		2D2AC08A1B4D491F0075106D /* exentriq_logo_designer.xcdatamodeld in Sources */ = {isa = PBXBuildFile; fileRef = 2D2AC0881B4D491F0075106D /* exentriq_logo_designer.xcdatamodeld */; };
		2D2AC08D1B4D491F0075106D /* ViewController.m in Sources */ = {isa = PBXBuildFile; fileRef = 2D2AC08C1B4D491F0075106D /* ViewController.m */; };
		2D2AC0901B4D491F0075106D /* Main.storyboard in Resources */ = {isa = PBXBuildFile; fileRef = 2D2AC08E1B4D491F0075106D /* Main.storyboard */; };
		2D2AC0921B4D491F0075106D /* Images.xcassets in Resources */ = {isa = PBXBuildFile; fileRef = 2D2AC0911B4D491F0075106D /* Images.xcassets */; };
		2D2AC0951B4D491F0075106D /* LaunchScreen.xib in Resources */ = {isa = PBXBuildFile; fileRef = 2D2AC0931B4D491F0075106D /* LaunchScreen.xib */; };
		2D2AC0A11B4D491F0075106D /* exentriq_logo_designerTests.m in Sources */ = {isa = PBXBuildFile; fileRef = 2D2AC0A01B4D491F0075106D /* exentriq_logo_designerTests.m */; };
		2D2AC0B21B4D49B00075106D /* MainViewController.m in Sources */ = {isa = PBXBuildFile; fileRef = 2D2AC0B01B4D49B00075106D /* MainViewController.m */; };
		2D2AC0B31B4D49B00075106D /* MainViewController.xib in Resources */ = {isa = PBXBuildFile; fileRef = 2D2AC0B11B4D49B00075106D /* MainViewController.xib */; };
		2D2AC0B71B4D4D550075106D /* DesignViewController.m in Sources */ = {isa = PBXBuildFile; fileRef = 2D2AC0B51B4D4D550075106D /* DesignViewController.m */; };
		2D2AC0B81B4D4D550075106D /* DesignViewController.xib in Resources */ = {isa = PBXBuildFile; fileRef = 2D2AC0B61B4D4D550075106D /* DesignViewController.xib */; };
		2D2AC0BE1B4D4E4C0075106D /* PreviewViewController.m in Sources */ = {isa = PBXBuildFile; fileRef = 2D2AC0BC1B4D4E4C0075106D /* PreviewViewController.m */; };
		2D2AC0BF1B4D4E4C0075106D /* PreviewViewController.xib in Resources */ = {isa = PBXBuildFile; fileRef = 2D2AC0BD1B4D4E4C0075106D /* PreviewViewController.xib */; };
		2D2AC0C31B4D4E590075106D /* ExportViewController.m in Sources */ = {isa = PBXBuildFile; fileRef = 2D2AC0C11B4D4E590075106D /* ExportViewController.m */; };
		2D2AC0C41B4D4E590075106D /* ExportViewController.xib in Resources */ = {isa = PBXBuildFile; fileRef = 2D2AC0C21B4D4E590075106D /* ExportViewController.xib */; };
		2D2AC0CB1B4D6DF30075106D /* logo_1.png in Resources */ = {isa = PBXBuildFile; fileRef = 2D2AC0C61B4D6DF30075106D /* logo_1.png */; };
		2D2AC0CC1B4D6DF30075106D /* logo_2.png in Resources */ = {isa = PBXBuildFile; fileRef = 2D2AC0C71B4D6DF30075106D /* logo_2.png */; };
		2D2AC0CD1B4D6DF30075106D /* logo_3.png in Resources */ = {isa = PBXBuildFile; fileRef = 2D2AC0C81B4D6DF30075106D /* logo_3.png */; };
		2D2AC0CE1B4D6DF30075106D /* logo_4.png in Resources */ = {isa = PBXBuildFile; fileRef = 2D2AC0C91B4D6DF30075106D /* logo_4.png */; };
		2D2AC0CF1B4D6DF30075106D /* logo_5.png in Resources */ = {isa = PBXBuildFile; fileRef = 2D2AC0CA1B4D6DF30075106D /* logo_5.png */; };
		2D2AC0D21B4D74A80075106D /* LogoImageView.m in Sources */ = {isa = PBXBuildFile; fileRef = 2D2AC0D11B4D74A80075106D /* LogoImageView.m */; };
		2D2AC0D51B4EA0E80075106D /* LogoLabel.m in Sources */ = {isa = PBXBuildFile; fileRef = 2D2AC0D41B4EA0E80075106D /* LogoLabel.m */; };
		2D2AC0D91B4EB1530075106D /* background_pattern.png in Resources */ = {isa = PBXBuildFile; fileRef = 2D2AC0D81B4EB1530075106D /* background_pattern.png */; };
		2D4561AD1B6648B600A6591D /* aclonica in Resources */ = {isa = PBXBuildFile; fileRef = 2D45612D1B6648B600A6591D /* aclonica */; };
		2D4561AE1B6648B600A6591D /* arimo in Resources */ = {isa = PBXBuildFile; fileRef = 2D45612E1B6648B600A6591D /* arimo */; };
		2D4561AF1B6648B600A6591D /* calligraffitti in Resources */ = {isa = PBXBuildFile; fileRef = 2D45612F1B6648B600A6591D /* calligraffitti */; };
		2D4561B01B6648B600A6591D /* cherrycreamsoda in Resources */ = {isa = PBXBuildFile; fileRef = 2D4561301B6648B600A6591D /* cherrycreamsoda */; };
		2D4561B11B6648B600A6591D /* chewy in Resources */ = {isa = PBXBuildFile; fileRef = 2D4561311B6648B600A6591D /* chewy */; };
		2D4561B21B6648B600A6591D /* comingsoon in Resources */ = {isa = PBXBuildFile; fileRef = 2D4561321B6648B600A6591D /* comingsoon */; };
		2D4561B31B6648B600A6591D /* cousine in Resources */ = {isa = PBXBuildFile; fileRef = 2D4561331B6648B600A6591D /* cousine */; };
		2D4561B41B6648B600A6591D /* craftygirls in Resources */ = {isa = PBXBuildFile; fileRef = 2D4561341B6648B600A6591D /* craftygirls */; };
		2D4561B51B6648B600A6591D /* creepstercaps in Resources */ = {isa = PBXBuildFile; fileRef = 2D4561351B6648B600A6591D /* creepstercaps */; };
		2D4561B61B6648B600A6591D /* crushed in Resources */ = {isa = PBXBuildFile; fileRef = 2D4561361B6648B600A6591D /* crushed */; };
		2D4561B71B6648B600A6591D /* droidarabickufi in Resources */ = {isa = PBXBuildFile; fileRef = 2D4561371B6648B600A6591D /* droidarabickufi */; };
		2D4561B81B6648B600A6591D /* droidarabicnaskh in Resources */ = {isa = PBXBuildFile; fileRef = 2D4561381B6648B600A6591D /* droidarabicnaskh */; };
		2D4561B91B6648B600A6591D /* droidsans in Resources */ = {isa = PBXBuildFile; fileRef = 2D4561391B6648B600A6591D /* droidsans */; };
		2D4561BA1B6648B600A6591D /* droidsansethiopic in Resources */ = {isa = PBXBuildFile; fileRef = 2D45613A1B6648B600A6591D /* droidsansethiopic */; };
		2D4561BB1B6648B600A6591D /* droidsansjapanese in Resources */ = {isa = PBXBuildFile; fileRef = 2D45613B1B6648B600A6591D /* droidsansjapanese */; };
		2D4561BC1B6648B600A6591D /* droidsansmono in Resources */ = {isa = PBXBuildFile; fileRef = 2D45613C1B6648B600A6591D /* droidsansmono */; };
		2D4561BD1B6648B600A6591D /* droidsanstamil in Resources */ = {isa = PBXBuildFile; fileRef = 2D45613D1B6648B600A6591D /* droidsanstamil */; };
		2D4561BE1B6648B600A6591D /* droidsansthai in Resources */ = {isa = PBXBuildFile; fileRef = 2D45613E1B6648B600A6591D /* droidsansthai */; };
		2D4561BF1B6648B600A6591D /* droidserif in Resources */ = {isa = PBXBuildFile; fileRef = 2D45613F1B6648B600A6591D /* droidserif */; };
		2D4561C01B6648B600A6591D /* droidserifthai in Resources */ = {isa = PBXBuildFile; fileRef = 2D4561401B6648B600A6591D /* droidserifthai */; };
		2D4561C11B6648B600A6591D /* fontdinerswanky in Resources */ = {isa = PBXBuildFile; fileRef = 2D4561411B6648B600A6591D /* fontdinerswanky */; };
		2D4561C21B6648B600A6591D /* homemadeapple in Resources */ = {isa = PBXBuildFile; fileRef = 2D4561421B6648B600A6591D /* homemadeapple */; };
		2D4561C31B6648B600A6591D /* irishgrover in Resources */ = {isa = PBXBuildFile; fileRef = 2D4561431B6648B600A6591D /* irishgrover */; };
		2D4561C41B6648B600A6591D /* irishgrowler in Resources */ = {isa = PBXBuildFile; fileRef = 2D4561441B6648B600A6591D /* irishgrowler */; };
		2D4561C51B6648B600A6591D /* jsmathcmbx10 in Resources */ = {isa = PBXBuildFile; fileRef = 2D4561451B6648B600A6591D /* jsmathcmbx10 */; };
		2D4561C61B6648B600A6591D /* jsmathcmex10 in Resources */ = {isa = PBXBuildFile; fileRef = 2D4561461B6648B600A6591D /* jsmathcmex10 */; };
		2D4561C71B6648B600A6591D /* jsmathcmmi10 in Resources */ = {isa = PBXBuildFile; fileRef = 2D4561471B6648B600A6591D /* jsmathcmmi10 */; };
		2D4561C81B6648B600A6591D /* jsmathcmr10 in Resources */ = {isa = PBXBuildFile; fileRef = 2D4561481B6648B600A6591D /* jsmathcmr10 */; };
		2D4561C91B6648B600A6591D /* jsmathcmsy10 in Resources */ = {isa = PBXBuildFile; fileRef = 2D4561491B6648B600A6591D /* jsmathcmsy10 */; };
		2D4561CA1B6648B600A6591D /* jsmathcmti10 in Resources */ = {isa = PBXBuildFile; fileRef = 2D45614A1B6648B600A6591D /* jsmathcmti10 */; };
		2D4561CB1B6648B600A6591D /* justanotherhand in Resources */ = {isa = PBXBuildFile; fileRef = 2D45614B1B6648B600A6591D /* justanotherhand */; };
		2D4561CC1B6648B600A6591D /* kranky in Resources */ = {isa = PBXBuildFile; fileRef = 2D45614C1B6648B600A6591D /* kranky */; };
		2D4561CD1B6648B600A6591D /* luckiestguy in Resources */ = {isa = PBXBuildFile; fileRef = 2D45614D1B6648B600A6591D /* luckiestguy */; };
		2D4561CE1B6648B600A6591D /* maidenorange in Resources */ = {isa = PBXBuildFile; fileRef = 2D45614E1B6648B600A6591D /* maidenorange */; };
		2D4561CF1B6648B600A6591D /* montez in Resources */ = {isa = PBXBuildFile; fileRef = 2D45614F1B6648B600A6591D /* montez */; };
		2D4561D01B6648B600A6591D /* mountainsofchristmas in Resources */ = {isa = PBXBuildFile; fileRef = 2D4561501B6648B600A6591D /* mountainsofchristmas */; };
		2D4561D11B6648B600A6591D /* nokora in Resources */ = {isa = PBXBuildFile; fileRef = 2D4561511B6648B600A6591D /* nokora */; };
		2D4561D21B6648B600A6591D /* notokufiarabic in Resources */ = {isa = PBXBuildFile; fileRef = 2D4561521B6648B600A6591D /* notokufiarabic */; };
		2D4561D31B6648B600A6591D /* notonaskharabic in Resources */ = {isa = PBXBuildFile; fileRef = 2D4561531B6648B600A6591D /* notonaskharabic */; };
		2D4561D41B6648B600A6591D /* notonastaliqurdudraft in Resources */ = {isa = PBXBuildFile; fileRef = 2D4561541B6648B600A6591D /* notonastaliqurdudraft */; };
		2D4561D51B6648B600A6591D /* notosans in Resources */ = {isa = PBXBuildFile; fileRef = 2D4561551B6648B600A6591D /* notosans */; };
		2D4561D61B6648B600A6591D /* notosansarmenian in Resources */ = {isa = PBXBuildFile; fileRef = 2D4561561B6648B600A6591D /* notosansarmenian */; };
		2D4561D71B6648B600A6591D /* notosansavestan in Resources */ = {isa = PBXBuildFile; fileRef = 2D4561571B6648B600A6591D /* notosansavestan */; };
		2D4561D81B6648B600A6591D /* notosansbengali in Resources */ = {isa = PBXBuildFile; fileRef = 2D4561581B6648B600A6591D /* notosansbengali */; };
		2D4561D91B6648B600A6591D /* notosansbrahmi in Resources */ = {isa = PBXBuildFile; fileRef = 2D4561591B6648B600A6591D /* notosansbrahmi */; };
		2D4561DA1B6648B600A6591D /* notosanscarian in Resources */ = {isa = PBXBuildFile; fileRef = 2D45615A1B6648B600A6591D /* notosanscarian */; };
		2D4561DB1B6648B600A6591D /* notosanscham in Resources */ = {isa = PBXBuildFile; fileRef = 2D45615B1B6648B600A6591D /* notosanscham */; };
		2D4561DC1B6648B600A6591D /* notosanscherokee in Resources */ = {isa = PBXBuildFile; fileRef = 2D45615C1B6648B600A6591D /* notosanscherokee */; };
		2D4561DD1B6648B600A6591D /* notosanscoptic in Resources */ = {isa = PBXBuildFile; fileRef = 2D45615D1B6648B600A6591D /* notosanscoptic */; };
		2D4561DE1B6648B600A6591D /* notosanscypriotsyllabary in Resources */ = {isa = PBXBuildFile; fileRef = 2D45615E1B6648B600A6591D /* notosanscypriotsyllabary */; };
		2D4561DF1B6648B600A6591D /* notosansdeseret in Resources */ = {isa = PBXBuildFile; fileRef = 2D45615F1B6648B600A6591D /* notosansdeseret */; };
		2D4561E01B6648B600A6591D /* notosansdevanagari in Resources */ = {isa = PBXBuildFile; fileRef = 2D4561601B6648B600A6591D /* notosansdevanagari */; };
		2D4561E11B6648B600A6591D /* notosansdevanagariui in Resources */ = {isa = PBXBuildFile; fileRef = 2D4561611B6648B600A6591D /* notosansdevanagariui */; };
		2D4561E21B6648B600A6591D /* notosansegyptianhieroglyphs in Resources */ = {isa = PBXBuildFile; fileRef = 2D4561621B6648B600A6591D /* notosansegyptianhieroglyphs */; };
		2D4561E31B6648B600A6591D /* notosansethiopic in Resources */ = {isa = PBXBuildFile; fileRef = 2D4561631B6648B600A6591D /* notosansethiopic */; };
		2D4561E41B6648B600A6591D /* notosansgeorgian in Resources */ = {isa = PBXBuildFile; fileRef = 2D4561641B6648B600A6591D /* notosansgeorgian */; };
		2D4561E51B6648B600A6591D /* notosansglagolitic in Resources */ = {isa = PBXBuildFile; fileRef = 2D4561651B6648B600A6591D /* notosansglagolitic */; };
		2D4561E61B6648B600A6591D /* notosansgujarati in Resources */ = {isa = PBXBuildFile; fileRef = 2D4561661B6648B600A6591D /* notosansgujarati */; };
		2D4561E71B6648B600A6591D /* notosansgujaratiui in Resources */ = {isa = PBXBuildFile; fileRef = 2D4561671B6648B600A6591D /* notosansgujaratiui */; };
		2D4561E81B6648B600A6591D /* notosansgurmukhi in Resources */ = {isa = PBXBuildFile; fileRef = 2D4561681B6648B600A6591D /* notosansgurmukhi */; };
		2D4561E91B6648B600A6591D /* notosanshanunoo in Resources */ = {isa = PBXBuildFile; fileRef = 2D4561691B6648B600A6591D /* notosanshanunoo */; };
		2D4561EA1B6648B600A6591D /* notosanshebrew in Resources */ = {isa = PBXBuildFile; fileRef = 2D45616A1B6648B600A6591D /* notosanshebrew */; };
		2D4561EB1B6648B600A6591D /* notosansimperilaramaic in Resources */ = {isa = PBXBuildFile; fileRef = 2D45616B1B6648B600A6591D /* notosansimperilaramaic */; };
		2D4561EC1B6648B600A6591D /* notosanskaithi in Resources */ = {isa = PBXBuildFile; fileRef = 2D45616C1B6648B600A6591D /* notosanskaithi */; };
		2D4561ED1B6648B600A6591D /* notosanskannada in Resources */ = {isa = PBXBuildFile; fileRef = 2D45616D1B6648B600A6591D /* notosanskannada */; };
		2D4561EE1B6648B600A6591D /* notosanskayahli in Resources */ = {isa = PBXBuildFile; fileRef = 2D45616E1B6648B600A6591D /* notosanskayahli */; };
		2D4561EF1B6648B600A6591D /* notosanskharoshthi in Resources */ = {isa = PBXBuildFile; fileRef = 2D45616F1B6648B600A6591D /* notosanskharoshthi */; };
		2D4561F01B6648B600A6591D /* notosanskhmer in Resources */ = {isa = PBXBuildFile; fileRef = 2D4561701B6648B600A6591D /* notosanskhmer */; };
		2D4561F11B6648B600A6591D /* notosanskufiarabic in Resources */ = {isa = PBXBuildFile; fileRef = 2D4561711B6648B600A6591D /* notosanskufiarabic */; };
		2D4561F21B6648B600A6591D /* notosanslao in Resources */ = {isa = PBXBuildFile; fileRef = 2D4561721B6648B600A6591D /* notosanslao */; };
		2D4561F31B6648B600A6591D /* notosanslaoui in Resources */ = {isa = PBXBuildFile; fileRef = 2D4561731B6648B600A6591D /* notosanslaoui */; };
		2D4561F41B6648B600A6591D /* notosanslisu in Resources */ = {isa = PBXBuildFile; fileRef = 2D4561741B6648B600A6591D /* notosanslisu */; };
		2D4561F51B6648B600A6591D /* notosanslycian in Resources */ = {isa = PBXBuildFile; fileRef = 2D4561751B6648B600A6591D /* notosanslycian */; };
		2D4561F61B6648B600A6591D /* notosanslydian in Resources */ = {isa = PBXBuildFile; fileRef = 2D4561761B6648B600A6591D /* notosanslydian */; };
		2D4561F71B6648B600A6591D /* notosansmalayalam in Resources */ = {isa = PBXBuildFile; fileRef = 2D4561771B6648B600A6591D /* notosansmalayalam */; };
		2D4561F81B6648B600A6591D /* notosansmandaic in Resources */ = {isa = PBXBuildFile; fileRef = 2D4561781B6648B600A6591D /* notosansmandaic */; };
		2D4561F91B6648B600A6591D /* notosansmeeteimayek in Resources */ = {isa = PBXBuildFile; fileRef = 2D4561791B6648B600A6591D /* notosansmeeteimayek */; };
		2D4561FA1B6648B600A6591D /* notosansmyanmar in Resources */ = {isa = PBXBuildFile; fileRef = 2D45617A1B6648B600A6591D /* notosansmyanmar */; };
		2D4561FB1B6648B600A6591D /* notosansnko in Resources */ = {isa = PBXBuildFile; fileRef = 2D45617B1B6648B600A6591D /* notosansnko */; };
		2D4561FC1B6648B600A6591D /* notosansoldsoutharabian in Resources */ = {isa = PBXBuildFile; fileRef = 2D45617C1B6648B600A6591D /* notosansoldsoutharabian */; };
		2D4561FD1B6648B600A6591D /* notosansoldturkic in Resources */ = {isa = PBXBuildFile; fileRef = 2D45617D1B6648B600A6591D /* notosansoldturkic */; };
		2D4561FE1B6648B600A6591D /* notosansosmanya in Resources */ = {isa = PBXBuildFile; fileRef = 2D45617E1B6648B600A6591D /* notosansosmanya */; };
		2D4561FF1B6648B600A6591D /* notosansphoenician in Resources */ = {isa = PBXBuildFile; fileRef = 2D45617F1B6648B600A6591D /* notosansphoenician */; };
		2D4562001B6648B600A6591D /* notosansshavian in Resources */ = {isa = PBXBuildFile; fileRef = 2D4561801B6648B600A6591D /* notosansshavian */; };
		2D4562011B6648B600A6591D /* notosanssinhala in Resources */ = {isa = PBXBuildFile; fileRef = 2D4561811B6648B600A6591D /* notosanssinhala */; };
		2D4562021B6648B600A6591D /* notosanssymbols in Resources */ = {isa = PBXBuildFile; fileRef = 2D4561821B6648B600A6591D /* notosanssymbols */; };
		2D4562031B6648B600A6591D /* notosanstagalog in Resources */ = {isa = PBXBuildFile; fileRef = 2D4561831B6648B600A6591D /* notosanstagalog */; };
		2D4562041B6648B600A6591D /* notosanstaitham in Resources */ = {isa = PBXBuildFile; fileRef = 2D4561841B6648B600A6591D /* notosanstaitham */; };
		2D4562051B6648B600A6591D /* notosanstaiviet in Resources */ = {isa = PBXBuildFile; fileRef = 2D4561851B6648B600A6591D /* notosanstaiviet */; };
		2D4562061B6648B600A6591D /* notosanstamil in Resources */ = {isa = PBXBuildFile; fileRef = 2D4561861B6648B600A6591D /* notosanstamil */; };
		2D4562071B6648B600A6591D /* notosanstamilui in Resources */ = {isa = PBXBuildFile; fileRef = 2D4561871B6648B600A6591D /* notosanstamilui */; };
		2D4562081B6648B600A6591D /* notosanstelugu in Resources */ = {isa = PBXBuildFile; fileRef = 2D4561881B6648B600A6591D /* notosanstelugu */; };
		2D4562091B6648B600A6591D /* notosansthai in Resources */ = {isa = PBXBuildFile; fileRef = 2D4561891B6648B600A6591D /* notosansthai */; };
		2D45620A1B6648B600A6591D /* notosansthaiui in Resources */ = {isa = PBXBuildFile; fileRef = 2D45618A1B6648B600A6591D /* notosansthaiui */; };
		2D45620B1B6648B600A6591D /* notosansugaritic in Resources */ = {isa = PBXBuildFile; fileRef = 2D45618B1B6648B600A6591D /* notosansugaritic */; };
		2D45620C1B6648B600A6591D /* notosansui in Resources */ = {isa = PBXBuildFile; fileRef = 2D45618C1B6648B600A6591D /* notosansui */; };
		2D45620D1B6648B600A6591D /* notosansvai in Resources */ = {isa = PBXBuildFile; fileRef = 2D45618D1B6648B600A6591D /* notosansvai */; };
		2D45620E1B6648B600A6591D /* notoserif in Resources */ = {isa = PBXBuildFile; fileRef = 2D45618E1B6648B600A6591D /* notoserif */; };
		2D45620F1B6648B600A6591D /* notoserifarmenian in Resources */ = {isa = PBXBuildFile; fileRef = 2D45618F1B6648B600A6591D /* notoserifarmenian */; };
		2D4562101B6648B600A6591D /* notoserifgeorgian in Resources */ = {isa = PBXBuildFile; fileRef = 2D4561901B6648B600A6591D /* notoserifgeorgian */; };
		2D4562111B6648B600A6591D /* notoserifkhmer in Resources */ = {isa = PBXBuildFile; fileRef = 2D4561911B6648B600A6591D /* notoserifkhmer */; };
		2D4562121B6648B600A6591D /* notoseriflao in Resources */ = {isa = PBXBuildFile; fileRef = 2D4561921B6648B600A6591D /* notoseriflao */; };
		2D4562131B6648B600A6591D /* notoserifthai in Resources */ = {isa = PBXBuildFile; fileRef = 2D4561931B6648B600A6591D /* notoserifthai */; };
		2D4562141B6648B600A6591D /* opensans in Resources */ = {isa = PBXBuildFile; fileRef = 2D4561941B6648B600A6591D /* opensans */; };
		2D4562151B6648B600A6591D /* opensanscondensed in Resources */ = {isa = PBXBuildFile; fileRef = 2D4561951B6648B600A6591D /* opensanscondensed */; };
		2D4562161B6648B600A6591D /* opensanshebrew in Resources */ = {isa = PBXBuildFile; fileRef = 2D4561961B6648B600A6591D /* opensanshebrew */; };
		2D4562171B6648B600A6591D /* opensanshebrewcondensed in Resources */ = {isa = PBXBuildFile; fileRef = 2D4561971B6648B600A6591D /* opensanshebrewcondensed */; };
		2D4562181B6648B600A6591D /* permanentmarker in Resources */ = {isa = PBXBuildFile; fileRef = 2D4561981B6648B600A6591D /* permanentmarker */; };
		2D4562191B6648B600A6591D /* rancho in Resources */ = {isa = PBXBuildFile; fileRef = 2D4561991B6648B600A6591D /* rancho */; };
		2D45621A1B6648B600A6591D /* redressed in Resources */ = {isa = PBXBuildFile; fileRef = 2D45619A1B6648B600A6591D /* redressed */; };
		2D45621B1B6648B600A6591D /* roboto in Resources */ = {isa = PBXBuildFile; fileRef = 2D45619B1B6648B600A6591D /* roboto */; };
		2D45621C1B6648B600A6591D /* robotocondensed in Resources */ = {isa = PBXBuildFile; fileRef = 2D45619C1B6648B600A6591D /* robotocondensed */; };
		2D45621D1B6648B600A6591D /* robotomono in Resources */ = {isa = PBXBuildFile; fileRef = 2D45619D1B6648B600A6591D /* robotomono */; };
		2D45621E1B6648B600A6591D /* robotoslab in Resources */ = {isa = PBXBuildFile; fileRef = 2D45619E1B6648B600A6591D /* robotoslab */; };
		2D45621F1B6648B600A6591D /* rochester in Resources */ = {isa = PBXBuildFile; fileRef = 2D45619F1B6648B600A6591D /* rochester */; };
		2D4562201B6648B600A6591D /* rocksalt in Resources */ = {isa = PBXBuildFile; fileRef = 2D4561A01B6648B600A6591D /* rocksalt */; };
		2D4562211B6648B600A6591D /* satisfy in Resources */ = {isa = PBXBuildFile; fileRef = 2D4561A11B6648B600A6591D /* satisfy */; };
		2D4562221B6648B600A6591D /* schoolbell in Resources */ = {isa = PBXBuildFile; fileRef = 2D4561A21B6648B600A6591D /* schoolbell */; };
		2D4562231B6648B600A6591D /* slackey in Resources */ = {isa = PBXBuildFile; fileRef = 2D4561A31B6648B600A6591D /* slackey */; };
		2D4562241B6648B600A6591D /* smokum in Resources */ = {isa = PBXBuildFile; fileRef = 2D4561A41B6648B600A6591D /* smokum */; };
		2D4562251B6648B600A6591D /* specialelite in Resources */ = {isa = PBXBuildFile; fileRef = 2D4561A51B6648B600A6591D /* specialelite */; };
		2D4562261B6648B600A6591D /* sunshiney in Resources */ = {isa = PBXBuildFile; fileRef = 2D4561A61B6648B600A6591D /* sunshiney */; };
		2D4562271B6648B600A6591D /* syncopate in Resources */ = {isa = PBXBuildFile; fileRef = 2D4561A71B6648B600A6591D /* syncopate */; };
		2D4562281B6648B600A6591D /* tinos in Resources */ = {isa = PBXBuildFile; fileRef = 2D4561A81B6648B600A6591D /* tinos */; };
		2D4562291B6648B600A6591D /* ultra in Resources */ = {isa = PBXBuildFile; fileRef = 2D4561A91B6648B600A6591D /* ultra */; };
		2D45622A1B6648B600A6591D /* unkempt in Resources */ = {isa = PBXBuildFile; fileRef = 2D4561AA1B6648B600A6591D /* unkempt */; };
		2D45622B1B6648B600A6591D /* walterturncoat in Resources */ = {isa = PBXBuildFile; fileRef = 2D4561AB1B6648B600A6591D /* walterturncoat */; };
		2D45622C1B6648B600A6591D /* yellowtail in Resources */ = {isa = PBXBuildFile; fileRef = 2D4561AC1B6648B600A6591D /* yellowtail */; };
		2D45622E1B690BDF00A6591D /* Aclonica.ttf in Resources */ = {isa = PBXBuildFile; fileRef = 2D45622D1B690BDF00A6591D /* Aclonica.ttf */; };
		950CD928611EFCF2165611F8 /* libPods-exentriq-logo-designer.a in Frameworks */ = {isa = PBXBuildFile; fileRef = C3FDDD8258B6361388C40586 /* libPods-exentriq-logo-designer.a */; };
/* End PBXBuildFile section */

/* Begin PBXContainerItemProxy section */
		2D2AC09B1B4D491F0075106D /* PBXContainerItemProxy */ = {
			isa = PBXContainerItemProxy;
			containerPortal = 2D2AC0761B4D491F0075106D /* Project object */;
			proxyType = 1;
			remoteGlobalIDString = 2D2AC07D1B4D491F0075106D;
			remoteInfo = "exentriq-logo-designer";
		};
/* End PBXContainerItemProxy section */

/* Begin PBXFileReference section */
		2D06F99F1B5947C20050CF40 /* LogoCell.h */ = {isa = PBXFileReference; fileEncoding = 4; lastKnownFileType = sourcecode.c.h; path = LogoCell.h; sourceTree = "<group>"; };
		2D06F9A01B5947C20050CF40 /* LogoCell.m */ = {isa = PBXFileReference; fileEncoding = 4; lastKnownFileType = sourcecode.c.objc; path = LogoCell.m; sourceTree = "<group>"; };
		2D2AC07E1B4D491F0075106D /* exentriq-logo-designer.app */ = {isa = PBXFileReference; explicitFileType = wrapper.application; includeInIndex = 0; path = "exentriq-logo-designer.app"; sourceTree = BUILT_PRODUCTS_DIR; };
		2D2AC0821B4D491F0075106D /* Info.plist */ = {isa = PBXFileReference; lastKnownFileType = text.plist.xml; path = Info.plist; sourceTree = "<group>"; };
		2D2AC0831B4D491F0075106D /* main.m */ = {isa = PBXFileReference; lastKnownFileType = sourcecode.c.objc; path = main.m; sourceTree = "<group>"; };
		2D2AC0851B4D491F0075106D /* AppDelegate.h */ = {isa = PBXFileReference; lastKnownFileType = sourcecode.c.h; path = AppDelegate.h; sourceTree = "<group>"; };
		2D2AC0861B4D491F0075106D /* AppDelegate.m */ = {isa = PBXFileReference; lastKnownFileType = sourcecode.c.objc; path = AppDelegate.m; sourceTree = "<group>"; };
		2D2AC0891B4D491F0075106D /* exentriq_logo_designer.xcdatamodel */ = {isa = PBXFileReference; lastKnownFileType = wrapper.xcdatamodel; path = exentriq_logo_designer.xcdatamodel; sourceTree = "<group>"; };
		2D2AC08B1B4D491F0075106D /* ViewController.h */ = {isa = PBXFileReference; lastKnownFileType = sourcecode.c.h; path = ViewController.h; sourceTree = "<group>"; };
		2D2AC08C1B4D491F0075106D /* ViewController.m */ = {isa = PBXFileReference; lastKnownFileType = sourcecode.c.objc; path = ViewController.m; sourceTree = "<group>"; };
		2D2AC08F1B4D491F0075106D /* Base */ = {isa = PBXFileReference; lastKnownFileType = file.storyboard; name = Base; path = Base.lproj/Main.storyboard; sourceTree = "<group>"; };
		2D2AC0911B4D491F0075106D /* Images.xcassets */ = {isa = PBXFileReference; lastKnownFileType = folder.assetcatalog; path = Images.xcassets; sourceTree = "<group>"; };
		2D2AC0941B4D491F0075106D /* Base */ = {isa = PBXFileReference; lastKnownFileType = file.xib; name = Base; path = Base.lproj/LaunchScreen.xib; sourceTree = "<group>"; };
		2D2AC09A1B4D491F0075106D /* exentriq-logo-designerTests.xctest */ = {isa = PBXFileReference; explicitFileType = wrapper.cfbundle; includeInIndex = 0; path = "exentriq-logo-designerTests.xctest"; sourceTree = BUILT_PRODUCTS_DIR; };
		2D2AC09F1B4D491F0075106D /* Info.plist */ = {isa = PBXFileReference; lastKnownFileType = text.plist.xml; path = Info.plist; sourceTree = "<group>"; };
		2D2AC0A01B4D491F0075106D /* exentriq_logo_designerTests.m */ = {isa = PBXFileReference; lastKnownFileType = sourcecode.c.objc; path = exentriq_logo_designerTests.m; sourceTree = "<group>"; };
		2D2AC0AF1B4D49B00075106D /* MainViewController.h */ = {isa = PBXFileReference; fileEncoding = 4; lastKnownFileType = sourcecode.c.h; path = MainViewController.h; sourceTree = "<group>"; };
		2D2AC0B01B4D49B00075106D /* MainViewController.m */ = {isa = PBXFileReference; fileEncoding = 4; lastKnownFileType = sourcecode.c.objc; path = MainViewController.m; sourceTree = "<group>"; };
		2D2AC0B11B4D49B00075106D /* MainViewController.xib */ = {isa = PBXFileReference; fileEncoding = 4; lastKnownFileType = file.xib; path = MainViewController.xib; sourceTree = "<group>"; };
		2D2AC0B41B4D4D550075106D /* DesignViewController.h */ = {isa = PBXFileReference; fileEncoding = 4; lastKnownFileType = sourcecode.c.h; path = DesignViewController.h; sourceTree = "<group>"; };
		2D2AC0B51B4D4D550075106D /* DesignViewController.m */ = {isa = PBXFileReference; fileEncoding = 4; lastKnownFileType = sourcecode.c.objc; path = DesignViewController.m; sourceTree = "<group>"; };
		2D2AC0B61B4D4D550075106D /* DesignViewController.xib */ = {isa = PBXFileReference; fileEncoding = 4; lastKnownFileType = file.xib; path = DesignViewController.xib; sourceTree = "<group>"; };
		2D2AC0BB1B4D4E4C0075106D /* PreviewViewController.h */ = {isa = PBXFileReference; fileEncoding = 4; lastKnownFileType = sourcecode.c.h; path = PreviewViewController.h; sourceTree = "<group>"; };
		2D2AC0BC1B4D4E4C0075106D /* PreviewViewController.m */ = {isa = PBXFileReference; fileEncoding = 4; lastKnownFileType = sourcecode.c.objc; path = PreviewViewController.m; sourceTree = "<group>"; };
		2D2AC0BD1B4D4E4C0075106D /* PreviewViewController.xib */ = {isa = PBXFileReference; fileEncoding = 4; lastKnownFileType = file.xib; path = PreviewViewController.xib; sourceTree = "<group>"; };
		2D2AC0C01B4D4E590075106D /* ExportViewController.h */ = {isa = PBXFileReference; fileEncoding = 4; lastKnownFileType = sourcecode.c.h; path = ExportViewController.h; sourceTree = "<group>"; };
		2D2AC0C11B4D4E590075106D /* ExportViewController.m */ = {isa = PBXFileReference; fileEncoding = 4; lastKnownFileType = sourcecode.c.objc; path = ExportViewController.m; sourceTree = "<group>"; };
		2D2AC0C21B4D4E590075106D /* ExportViewController.xib */ = {isa = PBXFileReference; fileEncoding = 4; lastKnownFileType = file.xib; path = ExportViewController.xib; sourceTree = "<group>"; };
		2D2AC0C61B4D6DF30075106D /* logo_1.png */ = {isa = PBXFileReference; lastKnownFileType = image.png; path = logo_1.png; sourceTree = "<group>"; };
		2D2AC0C71B4D6DF30075106D /* logo_2.png */ = {isa = PBXFileReference; lastKnownFileType = image.png; path = logo_2.png; sourceTree = "<group>"; };
		2D2AC0C81B4D6DF30075106D /* logo_3.png */ = {isa = PBXFileReference; lastKnownFileType = image.png; path = logo_3.png; sourceTree = "<group>"; };
		2D2AC0C91B4D6DF30075106D /* logo_4.png */ = {isa = PBXFileReference; lastKnownFileType = image.png; path = logo_4.png; sourceTree = "<group>"; };
		2D2AC0CA1B4D6DF30075106D /* logo_5.png */ = {isa = PBXFileReference; lastKnownFileType = image.png; path = logo_5.png; sourceTree = "<group>"; };
		2D2AC0D01B4D74A80075106D /* LogoImageView.h */ = {isa = PBXFileReference; fileEncoding = 4; lastKnownFileType = sourcecode.c.h; path = LogoImageView.h; sourceTree = "<group>"; };
		2D2AC0D11B4D74A80075106D /* LogoImageView.m */ = {isa = PBXFileReference; fileEncoding = 4; lastKnownFileType = sourcecode.c.objc; path = LogoImageView.m; sourceTree = "<group>"; };
		2D2AC0D31B4EA0E80075106D /* LogoLabel.h */ = {isa = PBXFileReference; fileEncoding = 4; lastKnownFileType = sourcecode.c.h; path = LogoLabel.h; sourceTree = "<group>"; };
		2D2AC0D41B4EA0E80075106D /* LogoLabel.m */ = {isa = PBXFileReference; fileEncoding = 4; lastKnownFileType = sourcecode.c.objc; path = LogoLabel.m; sourceTree = "<group>"; };
		2D2AC0D81B4EB1530075106D /* background_pattern.png */ = {isa = PBXFileReference; lastKnownFileType = image.png; path = background_pattern.png; sourceTree = "<group>"; };
		2D45612D1B6648B600A6591D /* aclonica */ = {isa = PBXFileReference; lastKnownFileType = folder; path = aclonica; sourceTree = "<group>"; };
		2D45612E1B6648B600A6591D /* arimo */ = {isa = PBXFileReference; lastKnownFileType = folder; path = arimo; sourceTree = "<group>"; };
		2D45612F1B6648B600A6591D /* calligraffitti */ = {isa = PBXFileReference; lastKnownFileType = folder; path = calligraffitti; sourceTree = "<group>"; };
		2D4561301B6648B600A6591D /* cherrycreamsoda */ = {isa = PBXFileReference; lastKnownFileType = folder; path = cherrycreamsoda; sourceTree = "<group>"; };
		2D4561311B6648B600A6591D /* chewy */ = {isa = PBXFileReference; lastKnownFileType = folder; path = chewy; sourceTree = "<group>"; };
		2D4561321B6648B600A6591D /* comingsoon */ = {isa = PBXFileReference; lastKnownFileType = folder; path = comingsoon; sourceTree = "<group>"; };
		2D4561331B6648B600A6591D /* cousine */ = {isa = PBXFileReference; lastKnownFileType = folder; path = cousine; sourceTree = "<group>"; };
		2D4561341B6648B600A6591D /* craftygirls */ = {isa = PBXFileReference; lastKnownFileType = folder; path = craftygirls; sourceTree = "<group>"; };
		2D4561351B6648B600A6591D /* creepstercaps */ = {isa = PBXFileReference; lastKnownFileType = folder; path = creepstercaps; sourceTree = "<group>"; };
		2D4561361B6648B600A6591D /* crushed */ = {isa = PBXFileReference; lastKnownFileType = folder; path = crushed; sourceTree = "<group>"; };
		2D4561371B6648B600A6591D /* droidarabickufi */ = {isa = PBXFileReference; lastKnownFileType = folder; path = droidarabickufi; sourceTree = "<group>"; };
		2D4561381B6648B600A6591D /* droidarabicnaskh */ = {isa = PBXFileReference; lastKnownFileType = folder; path = droidarabicnaskh; sourceTree = "<group>"; };
		2D4561391B6648B600A6591D /* droidsans */ = {isa = PBXFileReference; lastKnownFileType = folder; path = droidsans; sourceTree = "<group>"; };
		2D45613A1B6648B600A6591D /* droidsansethiopic */ = {isa = PBXFileReference; lastKnownFileType = folder; path = droidsansethiopic; sourceTree = "<group>"; };
		2D45613B1B6648B600A6591D /* droidsansjapanese */ = {isa = PBXFileReference; lastKnownFileType = folder; path = droidsansjapanese; sourceTree = "<group>"; };
		2D45613C1B6648B600A6591D /* droidsansmono */ = {isa = PBXFileReference; lastKnownFileType = folder; path = droidsansmono; sourceTree = "<group>"; };
		2D45613D1B6648B600A6591D /* droidsanstamil */ = {isa = PBXFileReference; lastKnownFileType = folder; path = droidsanstamil; sourceTree = "<group>"; };
		2D45613E1B6648B600A6591D /* droidsansthai */ = {isa = PBXFileReference; lastKnownFileType = folder; path = droidsansthai; sourceTree = "<group>"; };
		2D45613F1B6648B600A6591D /* droidserif */ = {isa = PBXFileReference; lastKnownFileType = folder; path = droidserif; sourceTree = "<group>"; };
		2D4561401B6648B600A6591D /* droidserifthai */ = {isa = PBXFileReference; lastKnownFileType = folder; path = droidserifthai; sourceTree = "<group>"; };
		2D4561411B6648B600A6591D /* fontdinerswanky */ = {isa = PBXFileReference; lastKnownFileType = folder; path = fontdinerswanky; sourceTree = "<group>"; };
		2D4561421B6648B600A6591D /* homemadeapple */ = {isa = PBXFileReference; lastKnownFileType = folder; path = homemadeapple; sourceTree = "<group>"; };
		2D4561431B6648B600A6591D /* irishgrover */ = {isa = PBXFileReference; lastKnownFileType = folder; path = irishgrover; sourceTree = "<group>"; };
		2D4561441B6648B600A6591D /* irishgrowler */ = {isa = PBXFileReference; lastKnownFileType = folder; path = irishgrowler; sourceTree = "<group>"; };
		2D4561451B6648B600A6591D /* jsmathcmbx10 */ = {isa = PBXFileReference; lastKnownFileType = folder; path = jsmathcmbx10; sourceTree = "<group>"; };
		2D4561461B6648B600A6591D /* jsmathcmex10 */ = {isa = PBXFileReference; lastKnownFileType = folder; path = jsmathcmex10; sourceTree = "<group>"; };
		2D4561471B6648B600A6591D /* jsmathcmmi10 */ = {isa = PBXFileReference; lastKnownFileType = folder; path = jsmathcmmi10; sourceTree = "<group>"; };
		2D4561481B6648B600A6591D /* jsmathcmr10 */ = {isa = PBXFileReference; lastKnownFileType = folder; path = jsmathcmr10; sourceTree = "<group>"; };
		2D4561491B6648B600A6591D /* jsmathcmsy10 */ = {isa = PBXFileReference; lastKnownFileType = folder; path = jsmathcmsy10; sourceTree = "<group>"; };
		2D45614A1B6648B600A6591D /* jsmathcmti10 */ = {isa = PBXFileReference; lastKnownFileType = folder; path = jsmathcmti10; sourceTree = "<group>"; };
		2D45614B1B6648B600A6591D /* justanotherhand */ = {isa = PBXFileReference; lastKnownFileType = folder; path = justanotherhand; sourceTree = "<group>"; };
		2D45614C1B6648B600A6591D /* kranky */ = {isa = PBXFileReference; lastKnownFileType = folder; path = kranky; sourceTree = "<group>"; };
		2D45614D1B6648B600A6591D /* luckiestguy */ = {isa = PBXFileReference; lastKnownFileType = folder; path = luckiestguy; sourceTree = "<group>"; };
		2D45614E1B6648B600A6591D /* maidenorange */ = {isa = PBXFileReference; lastKnownFileType = folder; path = maidenorange; sourceTree = "<group>"; };
		2D45614F1B6648B600A6591D /* montez */ = {isa = PBXFileReference; lastKnownFileType = folder; path = montez; sourceTree = "<group>"; };
		2D4561501B6648B600A6591D /* mountainsofchristmas */ = {isa = PBXFileReference; lastKnownFileType = folder; path = mountainsofchristmas; sourceTree = "<group>"; };
		2D4561511B6648B600A6591D /* nokora */ = {isa = PBXFileReference; lastKnownFileType = folder; path = nokora; sourceTree = "<group>"; };
		2D4561521B6648B600A6591D /* notokufiarabic */ = {isa = PBXFileReference; lastKnownFileType = folder; path = notokufiarabic; sourceTree = "<group>"; };
		2D4561531B6648B600A6591D /* notonaskharabic */ = {isa = PBXFileReference; lastKnownFileType = folder; path = notonaskharabic; sourceTree = "<group>"; };
		2D4561541B6648B600A6591D /* notonastaliqurdudraft */ = {isa = PBXFileReference; lastKnownFileType = folder; path = notonastaliqurdudraft; sourceTree = "<group>"; };
		2D4561551B6648B600A6591D /* notosans */ = {isa = PBXFileReference; lastKnownFileType = folder; path = notosans; sourceTree = "<group>"; };
		2D4561561B6648B600A6591D /* notosansarmenian */ = {isa = PBXFileReference; lastKnownFileType = folder; path = notosansarmenian; sourceTree = "<group>"; };
		2D4561571B6648B600A6591D /* notosansavestan */ = {isa = PBXFileReference; lastKnownFileType = folder; path = notosansavestan; sourceTree = "<group>"; };
		2D4561581B6648B600A6591D /* notosansbengali */ = {isa = PBXFileReference; lastKnownFileType = folder; path = notosansbengali; sourceTree = "<group>"; };
		2D4561591B6648B600A6591D /* notosansbrahmi */ = {isa = PBXFileReference; lastKnownFileType = folder; path = notosansbrahmi; sourceTree = "<group>"; };
		2D45615A1B6648B600A6591D /* notosanscarian */ = {isa = PBXFileReference; lastKnownFileType = folder; path = notosanscarian; sourceTree = "<group>"; };
		2D45615B1B6648B600A6591D /* notosanscham */ = {isa = PBXFileReference; lastKnownFileType = folder; path = notosanscham; sourceTree = "<group>"; };
		2D45615C1B6648B600A6591D /* notosanscherokee */ = {isa = PBXFileReference; lastKnownFileType = folder; path = notosanscherokee; sourceTree = "<group>"; };
		2D45615D1B6648B600A6591D /* notosanscoptic */ = {isa = PBXFileReference; lastKnownFileType = folder; path = notosanscoptic; sourceTree = "<group>"; };
		2D45615E1B6648B600A6591D /* notosanscypriotsyllabary */ = {isa = PBXFileReference; lastKnownFileType = folder; path = notosanscypriotsyllabary; sourceTree = "<group>"; };
		2D45615F1B6648B600A6591D /* notosansdeseret */ = {isa = PBXFileReference; lastKnownFileType = folder; path = notosansdeseret; sourceTree = "<group>"; };
		2D4561601B6648B600A6591D /* notosansdevanagari */ = {isa = PBXFileReference; lastKnownFileType = folder; path = notosansdevanagari; sourceTree = "<group>"; };
		2D4561611B6648B600A6591D /* notosansdevanagariui */ = {isa = PBXFileReference; lastKnownFileType = folder; path = notosansdevanagariui; sourceTree = "<group>"; };
		2D4561621B6648B600A6591D /* notosansegyptianhieroglyphs */ = {isa = PBXFileReference; lastKnownFileType = folder; path = notosansegyptianhieroglyphs; sourceTree = "<group>"; };
		2D4561631B6648B600A6591D /* notosansethiopic */ = {isa = PBXFileReference; lastKnownFileType = folder; path = notosansethiopic; sourceTree = "<group>"; };
		2D4561641B6648B600A6591D /* notosansgeorgian */ = {isa = PBXFileReference; lastKnownFileType = folder; path = notosansgeorgian; sourceTree = "<group>"; };
		2D4561651B6648B600A6591D /* notosansglagolitic */ = {isa = PBXFileReference; lastKnownFileType = folder; path = notosansglagolitic; sourceTree = "<group>"; };
		2D4561661B6648B600A6591D /* notosansgujarati */ = {isa = PBXFileReference; lastKnownFileType = folder; path = notosansgujarati; sourceTree = "<group>"; };
		2D4561671B6648B600A6591D /* notosansgujaratiui */ = {isa = PBXFileReference; lastKnownFileType = folder; path = notosansgujaratiui; sourceTree = "<group>"; };
		2D4561681B6648B600A6591D /* notosansgurmukhi */ = {isa = PBXFileReference; lastKnownFileType = folder; path = notosansgurmukhi; sourceTree = "<group>"; };
		2D4561691B6648B600A6591D /* notosanshanunoo */ = {isa = PBXFileReference; lastKnownFileType = folder; path = notosanshanunoo; sourceTree = "<group>"; };
		2D45616A1B6648B600A6591D /* notosanshebrew */ = {isa = PBXFileReference; lastKnownFileType = folder; path = notosanshebrew; sourceTree = "<group>"; };
		2D45616B1B6648B600A6591D /* notosansimperilaramaic */ = {isa = PBXFileReference; lastKnownFileType = folder; path = notosansimperilaramaic; sourceTree = "<group>"; };
		2D45616C1B6648B600A6591D /* notosanskaithi */ = {isa = PBXFileReference; lastKnownFileType = folder; path = notosanskaithi; sourceTree = "<group>"; };
		2D45616D1B6648B600A6591D /* notosanskannada */ = {isa = PBXFileReference; lastKnownFileType = folder; path = notosanskannada; sourceTree = "<group>"; };
		2D45616E1B6648B600A6591D /* notosanskayahli */ = {isa = PBXFileReference; lastKnownFileType = folder; path = notosanskayahli; sourceTree = "<group>"; };
		2D45616F1B6648B600A6591D /* notosanskharoshthi */ = {isa = PBXFileReference; lastKnownFileType = folder; path = notosanskharoshthi; sourceTree = "<group>"; };
		2D4561701B6648B600A6591D /* notosanskhmer */ = {isa = PBXFileReference; lastKnownFileType = folder; path = notosanskhmer; sourceTree = "<group>"; };
		2D4561711B6648B600A6591D /* notosanskufiarabic */ = {isa = PBXFileReference; lastKnownFileType = folder; path = notosanskufiarabic; sourceTree = "<group>"; };
		2D4561721B6648B600A6591D /* notosanslao */ = {isa = PBXFileReference; lastKnownFileType = folder; path = notosanslao; sourceTree = "<group>"; };
		2D4561731B6648B600A6591D /* notosanslaoui */ = {isa = PBXFileReference; lastKnownFileType = folder; path = notosanslaoui; sourceTree = "<group>"; };
		2D4561741B6648B600A6591D /* notosanslisu */ = {isa = PBXFileReference; lastKnownFileType = folder; path = notosanslisu; sourceTree = "<group>"; };
		2D4561751B6648B600A6591D /* notosanslycian */ = {isa = PBXFileReference; lastKnownFileType = folder; path = notosanslycian; sourceTree = "<group>"; };
		2D4561761B6648B600A6591D /* notosanslydian */ = {isa = PBXFileReference; lastKnownFileType = folder; path = notosanslydian; sourceTree = "<group>"; };
		2D4561771B6648B600A6591D /* notosansmalayalam */ = {isa = PBXFileReference; lastKnownFileType = folder; path = notosansmalayalam; sourceTree = "<group>"; };
		2D4561781B6648B600A6591D /* notosansmandaic */ = {isa = PBXFileReference; lastKnownFileType = folder; path = notosansmandaic; sourceTree = "<group>"; };
		2D4561791B6648B600A6591D /* notosansmeeteimayek */ = {isa = PBXFileReference; lastKnownFileType = folder; path = notosansmeeteimayek; sourceTree = "<group>"; };
		2D45617A1B6648B600A6591D /* notosansmyanmar */ = {isa = PBXFileReference; lastKnownFileType = folder; path = notosansmyanmar; sourceTree = "<group>"; };
		2D45617B1B6648B600A6591D /* notosansnko */ = {isa = PBXFileReference; lastKnownFileType = folder; path = notosansnko; sourceTree = "<group>"; };
		2D45617C1B6648B600A6591D /* notosansoldsoutharabian */ = {isa = PBXFileReference; lastKnownFileType = folder; path = notosansoldsoutharabian; sourceTree = "<group>"; };
		2D45617D1B6648B600A6591D /* notosansoldturkic */ = {isa = PBXFileReference; lastKnownFileType = folder; path = notosansoldturkic; sourceTree = "<group>"; };
		2D45617E1B6648B600A6591D /* notosansosmanya */ = {isa = PBXFileReference; lastKnownFileType = folder; path = notosansosmanya; sourceTree = "<group>"; };
		2D45617F1B6648B600A6591D /* notosansphoenician */ = {isa = PBXFileReference; lastKnownFileType = folder; path = notosansphoenician; sourceTree = "<group>"; };
		2D4561801B6648B600A6591D /* notosansshavian */ = {isa = PBXFileReference; lastKnownFileType = folder; path = notosansshavian; sourceTree = "<group>"; };
		2D4561811B6648B600A6591D /* notosanssinhala */ = {isa = PBXFileReference; lastKnownFileType = folder; path = notosanssinhala; sourceTree = "<group>"; };
		2D4561821B6648B600A6591D /* notosanssymbols */ = {isa = PBXFileReference; lastKnownFileType = folder; path = notosanssymbols; sourceTree = "<group>"; };
		2D4561831B6648B600A6591D /* notosanstagalog */ = {isa = PBXFileReference; lastKnownFileType = folder; path = notosanstagalog; sourceTree = "<group>"; };
		2D4561841B6648B600A6591D /* notosanstaitham */ = {isa = PBXFileReference; lastKnownFileType = folder; path = notosanstaitham; sourceTree = "<group>"; };
		2D4561851B6648B600A6591D /* notosanstaiviet */ = {isa = PBXFileReference; lastKnownFileType = folder; path = notosanstaiviet; sourceTree = "<group>"; };
		2D4561861B6648B600A6591D /* notosanstamil */ = {isa = PBXFileReference; lastKnownFileType = folder; path = notosanstamil; sourceTree = "<group>"; };
		2D4561871B6648B600A6591D /* notosanstamilui */ = {isa = PBXFileReference; lastKnownFileType = folder; path = notosanstamilui; sourceTree = "<group>"; };
		2D4561881B6648B600A6591D /* notosanstelugu */ = {isa = PBXFileReference; lastKnownFileType = folder; path = notosanstelugu; sourceTree = "<group>"; };
		2D4561891B6648B600A6591D /* notosansthai */ = {isa = PBXFileReference; lastKnownFileType = folder; path = notosansthai; sourceTree = "<group>"; };
		2D45618A1B6648B600A6591D /* notosansthaiui */ = {isa = PBXFileReference; lastKnownFileType = folder; path = notosansthaiui; sourceTree = "<group>"; };
		2D45618B1B6648B600A6591D /* notosansugaritic */ = {isa = PBXFileReference; lastKnownFileType = folder; path = notosansugaritic; sourceTree = "<group>"; };
		2D45618C1B6648B600A6591D /* notosansui */ = {isa = PBXFileReference; lastKnownFileType = folder; path = notosansui; sourceTree = "<group>"; };
		2D45618D1B6648B600A6591D /* notosansvai */ = {isa = PBXFileReference; lastKnownFileType = folder; path = notosansvai; sourceTree = "<group>"; };
		2D45618E1B6648B600A6591D /* notoserif */ = {isa = PBXFileReference; lastKnownFileType = folder; path = notoserif; sourceTree = "<group>"; };
		2D45618F1B6648B600A6591D /* notoserifarmenian */ = {isa = PBXFileReference; lastKnownFileType = folder; path = notoserifarmenian; sourceTree = "<group>"; };
		2D4561901B6648B600A6591D /* notoserifgeorgian */ = {isa = PBXFileReference; lastKnownFileType = folder; path = notoserifgeorgian; sourceTree = "<group>"; };
		2D4561911B6648B600A6591D /* notoserifkhmer */ = {isa = PBXFileReference; lastKnownFileType = folder; path = notoserifkhmer; sourceTree = "<group>"; };
		2D4561921B6648B600A6591D /* notoseriflao */ = {isa = PBXFileReference; lastKnownFileType = folder; path = notoseriflao; sourceTree = "<group>"; };
		2D4561931B6648B600A6591D /* notoserifthai */ = {isa = PBXFileReference; lastKnownFileType = folder; path = notoserifthai; sourceTree = "<group>"; };
		2D4561941B6648B600A6591D /* opensans */ = {isa = PBXFileReference; lastKnownFileType = folder; path = opensans; sourceTree = "<group>"; };
		2D4561951B6648B600A6591D /* opensanscondensed */ = {isa = PBXFileReference; lastKnownFileType = folder; path = opensanscondensed; sourceTree = "<group>"; };
		2D4561961B6648B600A6591D /* opensanshebrew */ = {isa = PBXFileReference; lastKnownFileType = folder; path = opensanshebrew; sourceTree = "<group>"; };
		2D4561971B6648B600A6591D /* opensanshebrewcondensed */ = {isa = PBXFileReference; lastKnownFileType = folder; path = opensanshebrewcondensed; sourceTree = "<group>"; };
		2D4561981B6648B600A6591D /* permanentmarker */ = {isa = PBXFileReference; lastKnownFileType = folder; path = permanentmarker; sourceTree = "<group>"; };
		2D4561991B6648B600A6591D /* rancho */ = {isa = PBXFileReference; lastKnownFileType = folder; path = rancho; sourceTree = "<group>"; };
		2D45619A1B6648B600A6591D /* redressed */ = {isa = PBXFileReference; lastKnownFileType = folder; path = redressed; sourceTree = "<group>"; };
		2D45619B1B6648B600A6591D /* roboto */ = {isa = PBXFileReference; lastKnownFileType = folder; path = roboto; sourceTree = "<group>"; };
		2D45619C1B6648B600A6591D /* robotocondensed */ = {isa = PBXFileReference; lastKnownFileType = folder; path = robotocondensed; sourceTree = "<group>"; };
		2D45619D1B6648B600A6591D /* robotomono */ = {isa = PBXFileReference; lastKnownFileType = folder; path = robotomono; sourceTree = "<group>"; };
		2D45619E1B6648B600A6591D /* robotoslab */ = {isa = PBXFileReference; lastKnownFileType = folder; path = robotoslab; sourceTree = "<group>"; };
		2D45619F1B6648B600A6591D /* rochester */ = {isa = PBXFileReference; lastKnownFileType = folder; path = rochester; sourceTree = "<group>"; };
		2D4561A01B6648B600A6591D /* rocksalt */ = {isa = PBXFileReference; lastKnownFileType = folder; path = rocksalt; sourceTree = "<group>"; };
		2D4561A11B6648B600A6591D /* satisfy */ = {isa = PBXFileReference; lastKnownFileType = folder; path = satisfy; sourceTree = "<group>"; };
		2D4561A21B6648B600A6591D /* schoolbell */ = {isa = PBXFileReference; lastKnownFileType = folder; path = schoolbell; sourceTree = "<group>"; };
		2D4561A31B6648B600A6591D /* slackey */ = {isa = PBXFileReference; lastKnownFileType = folder; path = slackey; sourceTree = "<group>"; };
		2D4561A41B6648B600A6591D /* smokum */ = {isa = PBXFileReference; lastKnownFileType = folder; path = smokum; sourceTree = "<group>"; };
		2D4561A51B6648B600A6591D /* specialelite */ = {isa = PBXFileReference; lastKnownFileType = folder; path = specialelite; sourceTree = "<group>"; };
		2D4561A61B6648B600A6591D /* sunshiney */ = {isa = PBXFileReference; lastKnownFileType = folder; path = sunshiney; sourceTree = "<group>"; };
		2D4561A71B6648B600A6591D /* syncopate */ = {isa = PBXFileReference; lastKnownFileType = folder; path = syncopate; sourceTree = "<group>"; };
		2D4561A81B6648B600A6591D /* tinos */ = {isa = PBXFileReference; lastKnownFileType = folder; path = tinos; sourceTree = "<group>"; };
		2D4561A91B6648B600A6591D /* ultra */ = {isa = PBXFileReference; lastKnownFileType = folder; path = ultra; sourceTree = "<group>"; };
		2D4561AA1B6648B600A6591D /* unkempt */ = {isa = PBXFileReference; lastKnownFileType = folder; path = unkempt; sourceTree = "<group>"; };
		2D4561AB1B6648B600A6591D /* walterturncoat */ = {isa = PBXFileReference; lastKnownFileType = folder; path = walterturncoat; sourceTree = "<group>"; };
		2D4561AC1B6648B600A6591D /* yellowtail */ = {isa = PBXFileReference; lastKnownFileType = folder; path = yellowtail; sourceTree = "<group>"; };
		2D45622D1B690BDF00A6591D /* Aclonica.ttf */ = {isa = PBXFileReference; lastKnownFileType = file; name = Aclonica.ttf; path = aclonica/Aclonica.ttf; sourceTree = "<group>"; };
		77219908306B42B0A05C7BE8 /* Pods-exentriq-logo-designer.debug.xcconfig */ = {isa = PBXFileReference; includeInIndex = 1; lastKnownFileType = text.xcconfig; name = "Pods-exentriq-logo-designer.debug.xcconfig"; path = "Pods/Target Support Files/Pods-exentriq-logo-designer/Pods-exentriq-logo-designer.debug.xcconfig"; sourceTree = "<group>"; };
		7E7DDBA3FB6239483561DB86 /* Pods-exentriq-logo-designer.release.xcconfig */ = {isa = PBXFileReference; includeInIndex = 1; lastKnownFileType = text.xcconfig; name = "Pods-exentriq-logo-designer.release.xcconfig"; path = "Pods/Target Support Files/Pods-exentriq-logo-designer/Pods-exentriq-logo-designer.release.xcconfig"; sourceTree = "<group>"; };
		C3FDDD8258B6361388C40586 /* libPods-exentriq-logo-designer.a */ = {isa = PBXFileReference; explicitFileType = archive.ar; includeInIndex = 0; path = "libPods-exentriq-logo-designer.a"; sourceTree = BUILT_PRODUCTS_DIR; };
/* End PBXFileReference section */

/* Begin PBXFrameworksBuildPhase section */
		2D2AC07B1B4D491F0075106D /* Frameworks */ = {
			isa = PBXFrameworksBuildPhase;
			buildActionMask = 2147483647;
			files = (
				950CD928611EFCF2165611F8 /* libPods-exentriq-logo-designer.a in Frameworks */,
			);
			runOnlyForDeploymentPostprocessing = 0;
		};
		2D2AC0971B4D491F0075106D /* Frameworks */ = {
			isa = PBXFrameworksBuildPhase;
			buildActionMask = 2147483647;
			files = (
			);
			runOnlyForDeploymentPostprocessing = 0;
		};
/* End PBXFrameworksBuildPhase section */

/* Begin PBXGroup section */
		2D2AC0751B4D491F0075106D = {
			isa = PBXGroup;
			children = (
				2D2AC0801B4D491F0075106D /* exentriq-logo-designer */,
				2D2AC09D1B4D491F0075106D /* exentriq-logo-designerTests */,
				2D2AC07F1B4D491F0075106D /* Products */,
				824275A2CB8B36B2B182BB6C /* Pods */,
				910F234617C4D06AC0562CFD /* Frameworks */,
			);
			sourceTree = "<group>";
		};
		2D2AC07F1B4D491F0075106D /* Products */ = {
			isa = PBXGroup;
			children = (
				2D2AC07E1B4D491F0075106D /* exentriq-logo-designer.app */,
				2D2AC09A1B4D491F0075106D /* exentriq-logo-designerTests.xctest */,
			);
			name = Products;
			sourceTree = "<group>";
		};
		2D2AC0801B4D491F0075106D /* exentriq-logo-designer */ = {
			isa = PBXGroup;
			children = (
				2D2AC0851B4D491F0075106D /* AppDelegate.h */,
				2D2AC0861B4D491F0075106D /* AppDelegate.m */,
				2D2AC0B91B4D4D5F0075106D /* Controllers */,
				2D2AC0BA1B4D4D910075106D /* Views */,
				2D2AC08B1B4D491F0075106D /* ViewController.h */,
				2D2AC08C1B4D491F0075106D /* ViewController.m */,
				2D2AC08E1B4D491F0075106D /* Main.storyboard */,
				2D2AC0911B4D491F0075106D /* Images.xcassets */,
				2D2AC0931B4D491F0075106D /* LaunchScreen.xib */,
				2D2AC0881B4D491F0075106D /* exentriq_logo_designer.xcdatamodeld */,
				2D2AC0811B4D491F0075106D /* Supporting Files */,
			);
			path = "exentriq-logo-designer";
			sourceTree = "<group>";
		};
		2D2AC0811B4D491F0075106D /* Supporting Files */ = {
			isa = PBXGroup;
			children = (
				2D2AC0821B4D491F0075106D /* Info.plist */,
				2D2AC0831B4D491F0075106D /* main.m */,
			);
			name = "Supporting Files";
			sourceTree = "<group>";
		};
		2D2AC09D1B4D491F0075106D /* exentriq-logo-designerTests */ = {
			isa = PBXGroup;
			children = (
				2D2AC0A01B4D491F0075106D /* exentriq_logo_designerTests.m */,
				2D2AC09E1B4D491F0075106D /* Supporting Files */,
			);
			path = "exentriq-logo-designerTests";
			sourceTree = "<group>";
		};
		2D2AC09E1B4D491F0075106D /* Supporting Files */ = {
			isa = PBXGroup;
			children = (
				2D2AC09F1B4D491F0075106D /* Info.plist */,
			);
			name = "Supporting Files";
			sourceTree = "<group>";
		};
		2D2AC0B91B4D4D5F0075106D /* Controllers */ = {
			isa = PBXGroup;
			children = (
				2D2AC0AF1B4D49B00075106D /* MainViewController.h */,
				2D2AC0B01B4D49B00075106D /* MainViewController.m */,
				2D2AC0B41B4D4D550075106D /* DesignViewController.h */,
				2D2AC0B51B4D4D550075106D /* DesignViewController.m */,
				2D2AC0BB1B4D4E4C0075106D /* PreviewViewController.h */,
				2D2AC0BC1B4D4E4C0075106D /* PreviewViewController.m */,
				2D2AC0C01B4D4E590075106D /* ExportViewController.h */,
				2D2AC0C11B4D4E590075106D /* ExportViewController.m */,
			);
			name = Controllers;
			sourceTree = "<group>";
		};
		2D2AC0BA1B4D4D910075106D /* Views */ = {
			isa = PBXGroup;
			children = (
				2D2AC0C51B4D6DBA0075106D /* Assets */,
				2D2AC0D01B4D74A80075106D /* LogoImageView.h */,
				2D2AC0D11B4D74A80075106D /* LogoImageView.m */,
				2D2AC0D31B4EA0E80075106D /* LogoLabel.h */,
				2D2AC0D41B4EA0E80075106D /* LogoLabel.m */,
				2D06F99F1B5947C20050CF40 /* LogoCell.h */,
				2D06F9A01B5947C20050CF40 /* LogoCell.m */,
				2D2AC0B11B4D49B00075106D /* MainViewController.xib */,
				2D2AC0B61B4D4D550075106D /* DesignViewController.xib */,
				2D2AC0BD1B4D4E4C0075106D /* PreviewViewController.xib */,
				2D2AC0C21B4D4E590075106D /* ExportViewController.xib */,
			);
			name = Views;
			sourceTree = "<group>";
		};
		2D2AC0C51B4D6DBA0075106D /* Assets */ = {
			isa = PBXGroup;
			children = (
				2D45612C1B663E5600A6591D /* Fonts */,
				2D2AC0D81B4EB1530075106D /* background_pattern.png */,
				2D2AC0C61B4D6DF30075106D /* logo_1.png */,
				2D2AC0C71B4D6DF30075106D /* logo_2.png */,
				2D2AC0C81B4D6DF30075106D /* logo_3.png */,
				2D2AC0C91B4D6DF30075106D /* logo_4.png */,
				2D2AC0CA1B4D6DF30075106D /* logo_5.png */,
			);
			name = Assets;
			sourceTree = "<group>";
		};
		2D45612C1B663E5600A6591D /* Fonts */ = {
			isa = PBXGroup;
			children = (
				2D45622D1B690BDF00A6591D /* Aclonica.ttf */,
				2D45612D1B6648B600A6591D /* aclonica */,
				2D45612E1B6648B600A6591D /* arimo */,
				2D45612F1B6648B600A6591D /* calligraffitti */,
				2D4561301B6648B600A6591D /* cherrycreamsoda */,
				2D4561311B6648B600A6591D /* chewy */,
				2D4561321B6648B600A6591D /* comingsoon */,
				2D4561331B6648B600A6591D /* cousine */,
				2D4561341B6648B600A6591D /* craftygirls */,
				2D4561351B6648B600A6591D /* creepstercaps */,
				2D4561361B6648B600A6591D /* crushed */,
				2D4561371B6648B600A6591D /* droidarabickufi */,
				2D4561381B6648B600A6591D /* droidarabicnaskh */,
				2D4561391B6648B600A6591D /* droidsans */,
				2D45613A1B6648B600A6591D /* droidsansethiopic */,
				2D45613B1B6648B600A6591D /* droidsansjapanese */,
				2D45613C1B6648B600A6591D /* droidsansmono */,
				2D45613D1B6648B600A6591D /* droidsanstamil */,
				2D45613E1B6648B600A6591D /* droidsansthai */,
				2D45613F1B6648B600A6591D /* droidserif */,
				2D4561401B6648B600A6591D /* droidserifthai */,
				2D4561411B6648B600A6591D /* fontdinerswanky */,
				2D4561421B6648B600A6591D /* homemadeapple */,
				2D4561431B6648B600A6591D /* irishgrover */,
				2D4561441B6648B600A6591D /* irishgrowler */,
				2D4561451B6648B600A6591D /* jsmathcmbx10 */,
				2D4561461B6648B600A6591D /* jsmathcmex10 */,
				2D4561471B6648B600A6591D /* jsmathcmmi10 */,
				2D4561481B6648B600A6591D /* jsmathcmr10 */,
				2D4561491B6648B600A6591D /* jsmathcmsy10 */,
				2D45614A1B6648B600A6591D /* jsmathcmti10 */,
				2D45614B1B6648B600A6591D /* justanotherhand */,
				2D45614C1B6648B600A6591D /* kranky */,
				2D45614D1B6648B600A6591D /* luckiestguy */,
				2D45614E1B6648B600A6591D /* maidenorange */,
				2D45614F1B6648B600A6591D /* montez */,
				2D4561501B6648B600A6591D /* mountainsofchristmas */,
				2D4561511B6648B600A6591D /* nokora */,
				2D4561521B6648B600A6591D /* notokufiarabic */,
				2D4561531B6648B600A6591D /* notonaskharabic */,
				2D4561541B6648B600A6591D /* notonastaliqurdudraft */,
				2D4561551B6648B600A6591D /* notosans */,
				2D4561561B6648B600A6591D /* notosansarmenian */,
				2D4561571B6648B600A6591D /* notosansavestan */,
				2D4561581B6648B600A6591D /* notosansbengali */,
				2D4561591B6648B600A6591D /* notosansbrahmi */,
				2D45615A1B6648B600A6591D /* notosanscarian */,
				2D45615B1B6648B600A6591D /* notosanscham */,
				2D45615C1B6648B600A6591D /* notosanscherokee */,
				2D45615D1B6648B600A6591D /* notosanscoptic */,
				2D45615E1B6648B600A6591D /* notosanscypriotsyllabary */,
				2D45615F1B6648B600A6591D /* notosansdeseret */,
				2D4561601B6648B600A6591D /* notosansdevanagari */,
				2D4561611B6648B600A6591D /* notosansdevanagariui */,
				2D4561621B6648B600A6591D /* notosansegyptianhieroglyphs */,
				2D4561631B6648B600A6591D /* notosansethiopic */,
				2D4561641B6648B600A6591D /* notosansgeorgian */,
				2D4561651B6648B600A6591D /* notosansglagolitic */,
				2D4561661B6648B600A6591D /* notosansgujarati */,
				2D4561671B6648B600A6591D /* notosansgujaratiui */,
				2D4561681B6648B600A6591D /* notosansgurmukhi */,
				2D4561691B6648B600A6591D /* notosanshanunoo */,
				2D45616A1B6648B600A6591D /* notosanshebrew */,
				2D45616B1B6648B600A6591D /* notosansimperilaramaic */,
				2D45616C1B6648B600A6591D /* notosanskaithi */,
				2D45616D1B6648B600A6591D /* notosanskannada */,
				2D45616E1B6648B600A6591D /* notosanskayahli */,
				2D45616F1B6648B600A6591D /* notosanskharoshthi */,
				2D4561701B6648B600A6591D /* notosanskhmer */,
				2D4561711B6648B600A6591D /* notosanskufiarabic */,
				2D4561721B6648B600A6591D /* notosanslao */,
				2D4561731B6648B600A6591D /* notosanslaoui */,
				2D4561741B6648B600A6591D /* notosanslisu */,
				2D4561751B6648B600A6591D /* notosanslycian */,
				2D4561761B6648B600A6591D /* notosanslydian */,
				2D4561771B6648B600A6591D /* notosansmalayalam */,
				2D4561781B6648B600A6591D /* notosansmandaic */,
				2D4561791B6648B600A6591D /* notosansmeeteimayek */,
				2D45617A1B6648B600A6591D /* notosansmyanmar */,
				2D45617B1B6648B600A6591D /* notosansnko */,
				2D45617C1B6648B600A6591D /* notosansoldsoutharabian */,
				2D45617D1B6648B600A6591D /* notosansoldturkic */,
				2D45617E1B6648B600A6591D /* notosansosmanya */,
				2D45617F1B6648B600A6591D /* notosansphoenician */,
				2D4561801B6648B600A6591D /* notosansshavian */,
				2D4561811B6648B600A6591D /* notosanssinhala */,
				2D4561821B6648B600A6591D /* notosanssymbols */,
				2D4561831B6648B600A6591D /* notosanstagalog */,
				2D4561841B6648B600A6591D /* notosanstaitham */,
				2D4561851B6648B600A6591D /* notosanstaiviet */,
				2D4561861B6648B600A6591D /* notosanstamil */,
				2D4561871B6648B600A6591D /* notosanstamilui */,
				2D4561881B6648B600A6591D /* notosanstelugu */,
				2D4561891B6648B600A6591D /* notosansthai */,
				2D45618A1B6648B600A6591D /* notosansthaiui */,
				2D45618B1B6648B600A6591D /* notosansugaritic */,
				2D45618C1B6648B600A6591D /* notosansui */,
				2D45618D1B6648B600A6591D /* notosansvai */,
				2D45618E1B6648B600A6591D /* notoserif */,
				2D45618F1B6648B600A6591D /* notoserifarmenian */,
				2D4561901B6648B600A6591D /* notoserifgeorgian */,
				2D4561911B6648B600A6591D /* notoserifkhmer */,
				2D4561921B6648B600A6591D /* notoseriflao */,
				2D4561931B6648B600A6591D /* notoserifthai */,
				2D4561941B6648B600A6591D /* opensans */,
				2D4561951B6648B600A6591D /* opensanscondensed */,
				2D4561961B6648B600A6591D /* opensanshebrew */,
				2D4561971B6648B600A6591D /* opensanshebrewcondensed */,
				2D4561981B6648B600A6591D /* permanentmarker */,
				2D4561991B6648B600A6591D /* rancho */,
				2D45619A1B6648B600A6591D /* redressed */,
				2D45619B1B6648B600A6591D /* roboto */,
				2D45619C1B6648B600A6591D /* robotocondensed */,
				2D45619D1B6648B600A6591D /* robotomono */,
				2D45619E1B6648B600A6591D /* robotoslab */,
				2D45619F1B6648B600A6591D /* rochester */,
				2D4561A01B6648B600A6591D /* rocksalt */,
				2D4561A11B6648B600A6591D /* satisfy */,
				2D4561A21B6648B600A6591D /* schoolbell */,
				2D4561A31B6648B600A6591D /* slackey */,
				2D4561A41B6648B600A6591D /* smokum */,
				2D4561A51B6648B600A6591D /* specialelite */,
				2D4561A61B6648B600A6591D /* sunshiney */,
				2D4561A71B6648B600A6591D /* syncopate */,
				2D4561A81B6648B600A6591D /* tinos */,
				2D4561A91B6648B600A6591D /* ultra */,
				2D4561AA1B6648B600A6591D /* unkempt */,
				2D4561AB1B6648B600A6591D /* walterturncoat */,
				2D4561AC1B6648B600A6591D /* yellowtail */,
			);
			name = Fonts;
			sourceTree = "<group>";
		};
		824275A2CB8B36B2B182BB6C /* Pods */ = {
			isa = PBXGroup;
			children = (
				77219908306B42B0A05C7BE8 /* Pods-exentriq-logo-designer.debug.xcconfig */,
				7E7DDBA3FB6239483561DB86 /* Pods-exentriq-logo-designer.release.xcconfig */,
			);
			name = Pods;
			sourceTree = "<group>";
		};
		910F234617C4D06AC0562CFD /* Frameworks */ = {
			isa = PBXGroup;
			children = (
				C3FDDD8258B6361388C40586 /* libPods-exentriq-logo-designer.a */,
			);
			name = Frameworks;
			sourceTree = "<group>";
		};
/* End PBXGroup section */

/* Begin PBXNativeTarget section */
		2D2AC07D1B4D491F0075106D /* exentriq-logo-designer */ = {
			isa = PBXNativeTarget;
			buildConfigurationList = 2D2AC0A41B4D491F0075106D /* Build configuration list for PBXNativeTarget "exentriq-logo-designer" */;
			buildPhases = (
				46BAA3B26A7C0E9FED8057AE /* Check Pods Manifest.lock */,
				2D2AC07A1B4D491F0075106D /* Sources */,
				2D2AC07B1B4D491F0075106D /* Frameworks */,
				2D2AC07C1B4D491F0075106D /* Resources */,
				F9CE643A1EF86752B590F33A /* Copy Pods Resources */,
			);
			buildRules = (
			);
			dependencies = (
			);
			name = "exentriq-logo-designer";
			productName = "exentriq-logo-designer";
			productReference = 2D2AC07E1B4D491F0075106D /* exentriq-logo-designer.app */;
			productType = "com.apple.product-type.application";
		};
		2D2AC0991B4D491F0075106D /* exentriq-logo-designerTests */ = {
			isa = PBXNativeTarget;
			buildConfigurationList = 2D2AC0A71B4D491F0075106D /* Build configuration list for PBXNativeTarget "exentriq-logo-designerTests" */;
			buildPhases = (
				2D2AC0961B4D491F0075106D /* Sources */,
				2D2AC0971B4D491F0075106D /* Frameworks */,
				2D2AC0981B4D491F0075106D /* Resources */,
			);
			buildRules = (
			);
			dependencies = (
				2D2AC09C1B4D491F0075106D /* PBXTargetDependency */,
			);
			name = "exentriq-logo-designerTests";
			productName = "exentriq-logo-designerTests";
			productReference = 2D2AC09A1B4D491F0075106D /* exentriq-logo-designerTests.xctest */;
			productType = "com.apple.product-type.bundle.unit-test";
		};
/* End PBXNativeTarget section */

/* Begin PBXProject section */
		2D2AC0761B4D491F0075106D /* Project object */ = {
			isa = PBXProject;
			attributes = {
				LastUpgradeCheck = 0630;
				ORGANIZATIONNAME = EMIKETIC;
				TargetAttributes = {
					2D2AC07D1B4D491F0075106D = {
						CreatedOnToolsVersion = 6.3.2;
					};
					2D2AC0991B4D491F0075106D = {
						CreatedOnToolsVersion = 6.3.2;
						TestTargetID = 2D2AC07D1B4D491F0075106D;
					};
				};
			};
			buildConfigurationList = 2D2AC0791B4D491F0075106D /* Build configuration list for PBXProject "exentriq-logo-designer" */;
			compatibilityVersion = "Xcode 3.2";
			developmentRegion = English;
			hasScannedForEncodings = 0;
			knownRegions = (
				en,
				Base,
			);
			mainGroup = 2D2AC0751B4D491F0075106D;
			productRefGroup = 2D2AC07F1B4D491F0075106D /* Products */;
			projectDirPath = "";
			projectRoot = "";
			targets = (
				2D2AC07D1B4D491F0075106D /* exentriq-logo-designer */,
				2D2AC0991B4D491F0075106D /* exentriq-logo-designerTests */,
			);
		};
/* End PBXProject section */

/* Begin PBXResourcesBuildPhase section */
		2D2AC07C1B4D491F0075106D /* Resources */ = {
			isa = PBXResourcesBuildPhase;
			buildActionMask = 2147483647;
			files = (
				2D4562211B6648B600A6591D /* satisfy in Resources */,
				2D45622C1B6648B600A6591D /* yellowtail in Resources */,
				2D4562131B6648B600A6591D /* notoserifthai in Resources */,
				2D2AC0CB1B4D6DF30075106D /* logo_1.png in Resources */,
				2D2AC0901B4D491F0075106D /* Main.storyboard in Resources */,
				2D4562021B6648B600A6591D /* notosanssymbols in Resources */,
				2D2AC0C41B4D4E590075106D /* ExportViewController.xib in Resources */,
				2D4561B11B6648B600A6591D /* chewy in Resources */,
				2D4562271B6648B600A6591D /* syncopate in Resources */,
				2D4562181B6648B600A6591D /* permanentmarker in Resources */,
				2D4562091B6648B600A6591D /* notosansthai in Resources */,
				2D4561AF1B6648B600A6591D /* calligraffitti in Resources */,
				2D4561F81B6648B600A6591D /* notosansmandaic in Resources */,
				2D4561F21B6648B600A6591D /* notosanslao in Resources */,
				2D4561C41B6648B600A6591D /* irishgrowler in Resources */,
				2D45621E1B6648B600A6591D /* robotoslab in Resources */,
				2D45620C1B6648B600A6591D /* notosansui in Resources */,
				2D4561E81B6648B600A6591D /* notosansgurmukhi in Resources */,
				2D4561E31B6648B600A6591D /* notosansethiopic in Resources */,
				2D4562011B6648B600A6591D /* notosanssinhala in Resources */,
				2D4561C11B6648B600A6591D /* fontdinerswanky in Resources */,
				2D2AC0CF1B4D6DF30075106D /* logo_5.png in Resources */,
				2D4561FB1B6648B600A6591D /* notosansnko in Resources */,
				2D4561C91B6648B600A6591D /* jsmathcmsy10 in Resources */,
				2D45620D1B6648B600A6591D /* notosansvai in Resources */,
				2D4562141B6648B600A6591D /* opensans in Resources */,
				2D4562251B6648B600A6591D /* specialelite in Resources */,
				2D4562221B6648B600A6591D /* schoolbell in Resources */,
				2D4561B61B6648B600A6591D /* crushed in Resources */,
				2D4562171B6648B600A6591D /* opensanshebrewcondensed in Resources */,
				2D4561C21B6648B600A6591D /* homemadeapple in Resources */,
				2D45620F1B6648B600A6591D /* notoserifarmenian in Resources */,
				2D4561C61B6648B600A6591D /* jsmathcmex10 in Resources */,
				2D4562151B6648B600A6591D /* opensanscondensed in Resources */,
				2D2AC0951B4D491F0075106D /* LaunchScreen.xib in Resources */,
				2D45622A1B6648B600A6591D /* unkempt in Resources */,
				2D4562111B6648B600A6591D /* notoserifkhmer in Resources */,
				2D4561F31B6648B600A6591D /* notosanslaoui in Resources */,
				2D4561CE1B6648B600A6591D /* maidenorange in Resources */,
				2D4561D31B6648B600A6591D /* notonaskharabic in Resources */,
				2D2AC0921B4D491F0075106D /* Images.xcassets in Resources */,
				2D4561E91B6648B600A6591D /* notosanshanunoo in Resources */,
				2D4562081B6648B600A6591D /* notosanstelugu in Resources */,
				2D4561B01B6648B600A6591D /* cherrycreamsoda in Resources */,
				2D4561B31B6648B600A6591D /* cousine in Resources */,
				2D4561DB1B6648B600A6591D /* notosanscham in Resources */,
				2D4561DE1B6648B600A6591D /* notosanscypriotsyllabary in Resources */,
				2D4562291B6648B600A6591D /* ultra in Resources */,
				2D2AC0BF1B4D4E4C0075106D /* PreviewViewController.xib in Resources */,
				2D4561F11B6648B600A6591D /* notosanskufiarabic in Resources */,
				2D4561FA1B6648B600A6591D /* notosansmyanmar in Resources */,
				2D4561C81B6648B600A6591D /* jsmathcmr10 in Resources */,
				2D45621C1B6648B600A6591D /* robotocondensed in Resources */,
				2D4561CF1B6648B600A6591D /* montez in Resources */,
				2D4561E51B6648B600A6591D /* notosansglagolitic in Resources */,
				2D4561EC1B6648B600A6591D /* notosanskaithi in Resources */,
				2D4561BE1B6648B600A6591D /* droidsansthai in Resources */,
				2D4561C31B6648B600A6591D /* irishgrover in Resources */,
				2D4562281B6648B600A6591D /* tinos in Resources */,
				2D4561E41B6648B600A6591D /* notosansgeorgian in Resources */,
				2D45620B1B6648B600A6591D /* notosansugaritic in Resources */,
				2D4561CC1B6648B600A6591D /* kranky in Resources */,
				2D4562121B6648B600A6591D /* notoseriflao in Resources */,
				2D4561C71B6648B600A6591D /* jsmathcmmi10 in Resources */,
				2D4561B91B6648B600A6591D /* droidsans in Resources */,
				2D45621B1B6648B600A6591D /* roboto in Resources */,
				2D4561F01B6648B600A6591D /* notosanskhmer in Resources */,
				2D4561B41B6648B600A6591D /* craftygirls in Resources */,
				2D2AC0B81B4D4D550075106D /* DesignViewController.xib in Resources */,
				2D4561ED1B6648B600A6591D /* notosanskannada in Resources */,
				2D4561CA1B6648B600A6591D /* jsmathcmti10 in Resources */,
				2D4561D51B6648B600A6591D /* notosans in Resources */,
				2D4561BC1B6648B600A6591D /* droidsansmono in Resources */,
				2D45621D1B6648B600A6591D /* robotomono in Resources */,
				2D45620E1B6648B600A6591D /* notoserif in Resources */,
				2D4561FC1B6648B600A6591D /* notosansoldsoutharabian in Resources */,
				2D4561FE1B6648B600A6591D /* notosansosmanya in Resources */,
				2D4561B81B6648B600A6591D /* droidarabicnaskh in Resources */,
				2D4562261B6648B600A6591D /* sunshiney in Resources */,
				2D4561F71B6648B600A6591D /* notosansmalayalam in Resources */,
				2D4561E21B6648B600A6591D /* notosansegyptianhieroglyphs in Resources */,
				2D4561EE1B6648B600A6591D /* notosanskayahli in Resources */,
				2D4562231B6648B600A6591D /* slackey in Resources */,
				2D4562041B6648B600A6591D /* notosanstaitham in Resources */,
				2D4562031B6648B600A6591D /* notosanstagalog in Resources */,
				2D4561B21B6648B600A6591D /* comingsoon in Resources */,
				2D4561FD1B6648B600A6591D /* notosansoldturkic in Resources */,
				2D4561BD1B6648B600A6591D /* droidsanstamil in Resources */,
				2D4561CB1B6648B600A6591D /* justanotherhand in Resources */,
				2D4561E61B6648B600A6591D /* notosansgujarati in Resources */,
				2D4561C51B6648B600A6591D /* jsmathcmbx10 in Resources */,
				2D4561D91B6648B600A6591D /* notosansbrahmi in Resources */,
				2D4561F41B6648B600A6591D /* notosanslisu in Resources */,
				2D4561D21B6648B600A6591D /* notokufiarabic in Resources */,
				2D4561D41B6648B600A6591D /* notonastaliqurdudraft in Resources */,
				2D4561E11B6648B600A6591D /* notosansdevanagariui in Resources */,
				2D4562051B6648B600A6591D /* notosanstaiviet in Resources */,
				2D4561D71B6648B600A6591D /* notosansavestan in Resources */,
				2D45622B1B6648B600A6591D /* walterturncoat in Resources */,
				2D45621F1B6648B600A6591D /* rochester in Resources */,
				2D45622E1B690BDF00A6591D /* Aclonica.ttf in Resources */,
				2D4561EA1B6648B600A6591D /* notosanshebrew in Resources */,
				2D4562161B6648B600A6591D /* opensanshebrew in Resources */,
				2D2AC0CD1B4D6DF30075106D /* logo_3.png in Resources */,
				2D4561BF1B6648B600A6591D /* droidserif in Resources */,
				2D4562061B6648B600A6591D /* notosanstamil in Resources */,
				2D4561C01B6648B600A6591D /* droidserifthai in Resources */,
				2D4562201B6648B600A6591D /* rocksalt in Resources */,
				2D4561FF1B6648B600A6591D /* notosansphoenician in Resources */,
				2D4561AE1B6648B600A6591D /* arimo in Resources */,
				2D2AC0CE1B4D6DF30075106D /* logo_4.png in Resources */,
				2D4561B71B6648B600A6591D /* droidarabickufi in Resources */,
				2D4561F61B6648B600A6591D /* notosanslydian in Resources */,
				2D4561EF1B6648B600A6591D /* notosanskharoshthi in Resources */,
				2D4562071B6648B600A6591D /* notosanstamilui in Resources */,
				2D4561E01B6648B600A6591D /* notosansdevanagari in Resources */,
				2D4561F91B6648B600A6591D /* notosansmeeteimayek in Resources */,
				2D4561F51B6648B600A6591D /* notosanslycian in Resources */,
				2D4561DF1B6648B600A6591D /* notosansdeseret in Resources */,
				2D4562191B6648B600A6591D /* rancho in Resources */,
				2D4561DD1B6648B600A6591D /* notosanscoptic in Resources */,
				2D4561D11B6648B600A6591D /* nokora in Resources */,
				2D4561CD1B6648B600A6591D /* luckiestguy in Resources */,
				2D4561AD1B6648B600A6591D /* aclonica in Resources */,
				2D4562001B6648B600A6591D /* notosansshavian in Resources */,
				2D4561E71B6648B600A6591D /* notosansgujaratiui in Resources */,
				2D2AC0CC1B4D6DF30075106D /* logo_2.png in Resources */,
				2D4562101B6648B600A6591D /* notoserifgeorgian in Resources */,
				2D4562241B6648B600A6591D /* smokum in Resources */,
				2D4561DC1B6648B600A6591D /* notosanscherokee in Resources */,
				2D4561D61B6648B600A6591D /* notosansarmenian in Resources */,
				2D45621A1B6648B600A6591D /* redressed in Resources */,
				2D4561D81B6648B600A6591D /* notosansbengali in Resources */,
				2D4561B51B6648B600A6591D /* creepstercaps in Resources */,
				2D4561DA1B6648B600A6591D /* notosanscarian in Resources */,
				2D4561BA1B6648B600A6591D /* droidsansethiopic in Resources */,
				2D4561EB1B6648B600A6591D /* notosansimperilaramaic in Resources */,
				2D45620A1B6648B600A6591D /* notosansthaiui in Resources */,
				2D2AC0B31B4D49B00075106D /* MainViewController.xib in Resources */,
				2D2AC0D91B4EB1530075106D /* background_pattern.png in Resources */,
				2D4561BB1B6648B600A6591D /* droidsansjapanese in Resources */,
				2D4561D01B6648B600A6591D /* mountainsofchristmas in Resources */,
			);
			runOnlyForDeploymentPostprocessing = 0;
		};
		2D2AC0981B4D491F0075106D /* Resources */ = {
			isa = PBXResourcesBuildPhase;
			buildActionMask = 2147483647;
			files = (
			);
			runOnlyForDeploymentPostprocessing = 0;
		};
/* End PBXResourcesBuildPhase section */

/* Begin PBXShellScriptBuildPhase section */
		46BAA3B26A7C0E9FED8057AE /* Check Pods Manifest.lock */ = {
			isa = PBXShellScriptBuildPhase;
			buildActionMask = 2147483647;
			files = (
			);
			inputPaths = (
			);
			name = "Check Pods Manifest.lock";
			outputPaths = (
			);
			runOnlyForDeploymentPostprocessing = 0;
			shellPath = /bin/sh;
			shellScript = "diff \"${PODS_ROOT}/../Podfile.lock\" \"${PODS_ROOT}/Manifest.lock\" > /dev/null\nif [[ $? != 0 ]] ; then\n    cat << EOM\nerror: The sandbox is not in sync with the Podfile.lock. Run 'pod install' or update your CocoaPods installation.\nEOM\n    exit 1\nfi\n";
			showEnvVarsInLog = 0;
		};
		F9CE643A1EF86752B590F33A /* Copy Pods Resources */ = {
			isa = PBXShellScriptBuildPhase;
			buildActionMask = 2147483647;
			files = (
			);
			inputPaths = (
			);
			name = "Copy Pods Resources";
			outputPaths = (
			);
			runOnlyForDeploymentPostprocessing = 0;
			shellPath = /bin/sh;
			shellScript = "\"${SRCROOT}/Pods/Target Support Files/Pods-exentriq-logo-designer/Pods-exentriq-logo-designer-resources.sh\"\n";
			showEnvVarsInLog = 0;
		};
/* End PBXShellScriptBuildPhase section */

/* Begin PBXSourcesBuildPhase section */
		2D2AC07A1B4D491F0075106D /* Sources */ = {
			isa = PBXSourcesBuildPhase;
			buildActionMask = 2147483647;
			files = (
				2D2AC08A1B4D491F0075106D /* exentriq_logo_designer.xcdatamodeld in Sources */,
				2D2AC0871B4D491F0075106D /* AppDelegate.m in Sources */,
				2D2AC0C31B4D4E590075106D /* ExportViewController.m in Sources */,
				2D06F9A11B5947C20050CF40 /* LogoCell.m in Sources */,
				2D2AC08D1B4D491F0075106D /* ViewController.m in Sources */,
				2D2AC0B21B4D49B00075106D /* MainViewController.m in Sources */,
				2D2AC0BE1B4D4E4C0075106D /* PreviewViewController.m in Sources */,
				2D2AC0B71B4D4D550075106D /* DesignViewController.m in Sources */,
				2D2AC0D21B4D74A80075106D /* LogoImageView.m in Sources */,
				2D2AC0841B4D491F0075106D /* main.m in Sources */,
				2D2AC0D51B4EA0E80075106D /* LogoLabel.m in Sources */,
			);
			runOnlyForDeploymentPostprocessing = 0;
		};
		2D2AC0961B4D491F0075106D /* Sources */ = {
			isa = PBXSourcesBuildPhase;
			buildActionMask = 2147483647;
			files = (
				2D2AC0A11B4D491F0075106D /* exentriq_logo_designerTests.m in Sources */,
			);
			runOnlyForDeploymentPostprocessing = 0;
		};
/* End PBXSourcesBuildPhase section */

/* Begin PBXTargetDependency section */
		2D2AC09C1B4D491F0075106D /* PBXTargetDependency */ = {
			isa = PBXTargetDependency;
			target = 2D2AC07D1B4D491F0075106D /* exentriq-logo-designer */;
			targetProxy = 2D2AC09B1B4D491F0075106D /* PBXContainerItemProxy */;
		};
/* End PBXTargetDependency section */

/* Begin PBXVariantGroup section */
		2D2AC08E1B4D491F0075106D /* Main.storyboard */ = {
			isa = PBXVariantGroup;
			children = (
				2D2AC08F1B4D491F0075106D /* Base */,
			);
			name = Main.storyboard;
			sourceTree = "<group>";
		};
		2D2AC0931B4D491F0075106D /* LaunchScreen.xib */ = {
			isa = PBXVariantGroup;
			children = (
				2D2AC0941B4D491F0075106D /* Base */,
			);
			name = LaunchScreen.xib;
			sourceTree = "<group>";
		};
/* End PBXVariantGroup section */

/* Begin XCBuildConfiguration section */
		2D2AC0A21B4D491F0075106D /* Debug */ = {
			isa = XCBuildConfiguration;
			buildSettings = {
				ALWAYS_SEARCH_USER_PATHS = NO;
				CLANG_CXX_LANGUAGE_STANDARD = "gnu++0x";
				CLANG_CXX_LIBRARY = "libc++";
				CLANG_ENABLE_MODULES = YES;
				CLANG_ENABLE_OBJC_ARC = YES;
				CLANG_WARN_BOOL_CONVERSION = YES;
				CLANG_WARN_CONSTANT_CONVERSION = YES;
				CLANG_WARN_DIRECT_OBJC_ISA_USAGE = YES_ERROR;
				CLANG_WARN_EMPTY_BODY = YES;
				CLANG_WARN_ENUM_CONVERSION = YES;
				CLANG_WARN_INT_CONVERSION = YES;
				CLANG_WARN_OBJC_ROOT_CLASS = YES_ERROR;
				CLANG_WARN_UNREACHABLE_CODE = YES;
				CLANG_WARN__DUPLICATE_METHOD_MATCH = YES;
				"CODE_SIGN_IDENTITY[sdk=iphoneos*]" = "iPhone Developer";
				COPY_PHASE_STRIP = NO;
				DEBUG_INFORMATION_FORMAT = "dwarf-with-dsym";
				ENABLE_STRICT_OBJC_MSGSEND = YES;
				GCC_C_LANGUAGE_STANDARD = gnu99;
				GCC_DYNAMIC_NO_PIC = NO;
				GCC_NO_COMMON_BLOCKS = YES;
				GCC_OPTIMIZATION_LEVEL = 0;
				GCC_PREPROCESSOR_DEFINITIONS = (
					"DEBUG=1",
					"$(inherited)",
				);
				GCC_SYMBOLS_PRIVATE_EXTERN = NO;
				GCC_WARN_64_TO_32_BIT_CONVERSION = YES;
				GCC_WARN_ABOUT_RETURN_TYPE = YES_ERROR;
				GCC_WARN_UNDECLARED_SELECTOR = YES;
				GCC_WARN_UNINITIALIZED_AUTOS = YES_AGGRESSIVE;
				GCC_WARN_UNUSED_FUNCTION = YES;
				GCC_WARN_UNUSED_VARIABLE = YES;
				IPHONEOS_DEPLOYMENT_TARGET = 8.3;
				MTL_ENABLE_DEBUG_INFO = YES;
				ONLY_ACTIVE_ARCH = YES;
				SDKROOT = iphoneos;
				TARGETED_DEVICE_FAMILY = "1,2";
			};
			name = Debug;
		};
		2D2AC0A31B4D491F0075106D /* Release */ = {
			isa = XCBuildConfiguration;
			buildSettings = {
				ALWAYS_SEARCH_USER_PATHS = NO;
				CLANG_CXX_LANGUAGE_STANDARD = "gnu++0x";
				CLANG_CXX_LIBRARY = "libc++";
				CLANG_ENABLE_MODULES = YES;
				CLANG_ENABLE_OBJC_ARC = YES;
				CLANG_WARN_BOOL_CONVERSION = YES;
				CLANG_WARN_CONSTANT_CONVERSION = YES;
				CLANG_WARN_DIRECT_OBJC_ISA_USAGE = YES_ERROR;
				CLANG_WARN_EMPTY_BODY = YES;
				CLANG_WARN_ENUM_CONVERSION = YES;
				CLANG_WARN_INT_CONVERSION = YES;
				CLANG_WARN_OBJC_ROOT_CLASS = YES_ERROR;
				CLANG_WARN_UNREACHABLE_CODE = YES;
				CLANG_WARN__DUPLICATE_METHOD_MATCH = YES;
				"CODE_SIGN_IDENTITY[sdk=iphoneos*]" = "iPhone Developer";
				COPY_PHASE_STRIP = NO;
				DEBUG_INFORMATION_FORMAT = "dwarf-with-dsym";
				ENABLE_NS_ASSERTIONS = NO;
				ENABLE_STRICT_OBJC_MSGSEND = YES;
				GCC_C_LANGUAGE_STANDARD = gnu99;
				GCC_NO_COMMON_BLOCKS = YES;
				GCC_WARN_64_TO_32_BIT_CONVERSION = YES;
				GCC_WARN_ABOUT_RETURN_TYPE = YES_ERROR;
				GCC_WARN_UNDECLARED_SELECTOR = YES;
				GCC_WARN_UNINITIALIZED_AUTOS = YES_AGGRESSIVE;
				GCC_WARN_UNUSED_FUNCTION = YES;
				GCC_WARN_UNUSED_VARIABLE = YES;
				IPHONEOS_DEPLOYMENT_TARGET = 8.3;
				MTL_ENABLE_DEBUG_INFO = NO;
				SDKROOT = iphoneos;
				TARGETED_DEVICE_FAMILY = "1,2";
				VALIDATE_PRODUCT = YES;
			};
			name = Release;
		};
		2D2AC0A51B4D491F0075106D /* Debug */ = {
			isa = XCBuildConfiguration;
			baseConfigurationReference = 77219908306B42B0A05C7BE8 /* Pods-exentriq-logo-designer.debug.xcconfig */;
			buildSettings = {
				ASSETCATALOG_COMPILER_APPICON_NAME = AppIcon;
				INFOPLIST_FILE = "exentriq-logo-designer/Info.plist";
				LD_RUNPATH_SEARCH_PATHS = "$(inherited) @executable_path/Frameworks";
				PRODUCT_NAME = "$(TARGET_NAME)";
			};
			name = Debug;
		};
		2D2AC0A61B4D491F0075106D /* Release */ = {
			isa = XCBuildConfiguration;
			baseConfigurationReference = 7E7DDBA3FB6239483561DB86 /* Pods-exentriq-logo-designer.release.xcconfig */;
			buildSettings = {
				ASSETCATALOG_COMPILER_APPICON_NAME = AppIcon;
				INFOPLIST_FILE = "exentriq-logo-designer/Info.plist";
				LD_RUNPATH_SEARCH_PATHS = "$(inherited) @executable_path/Frameworks";
				PRODUCT_NAME = "$(TARGET_NAME)";
			};
			name = Release;
		};
		2D2AC0A81B4D491F0075106D /* Debug */ = {
			isa = XCBuildConfiguration;
			baseConfigurationReference = 77219908306B42B0A05C7BE8 /* Pods-exentriq-logo-designer.debug.xcconfig */;
			buildSettings = {
				BUNDLE_LOADER = "$(TEST_HOST)";
				FRAMEWORK_SEARCH_PATHS = (
					"$(SDKROOT)/Developer/Library/Frameworks",
					"$(inherited)",
				);
				GCC_PREPROCESSOR_DEFINITIONS = (
					"DEBUG=1",
					"$(inherited)",
				);
				INFOPLIST_FILE = "exentriq-logo-designerTests/Info.plist";
				LD_RUNPATH_SEARCH_PATHS = "$(inherited) @executable_path/Frameworks @loader_path/Frameworks";
				PRODUCT_NAME = "$(TARGET_NAME)";
				TEST_HOST = "$(BUILT_PRODUCTS_DIR)/exentriq-logo-designer.app/exentriq-logo-designer";
			};
			name = Debug;
		};
		2D2AC0A91B4D491F0075106D /* Release */ = {
			isa = XCBuildConfiguration;
			baseConfigurationReference = 7E7DDBA3FB6239483561DB86 /* Pods-exentriq-logo-designer.release.xcconfig */;
			buildSettings = {
				BUNDLE_LOADER = "$(TEST_HOST)";
				FRAMEWORK_SEARCH_PATHS = (
					"$(SDKROOT)/Developer/Library/Frameworks",
					"$(inherited)",
				);
				INFOPLIST_FILE = "exentriq-logo-designerTests/Info.plist";
				LD_RUNPATH_SEARCH_PATHS = "$(inherited) @executable_path/Frameworks @loader_path/Frameworks";
				PRODUCT_NAME = "$(TARGET_NAME)";
				TEST_HOST = "$(BUILT_PRODUCTS_DIR)/exentriq-logo-designer.app/exentriq-logo-designer";
			};
			name = Release;
		};
/* End XCBuildConfiguration section */

/* Begin XCConfigurationList section */
		2D2AC0791B4D491F0075106D /* Build configuration list for PBXProject "exentriq-logo-designer" */ = {
			isa = XCConfigurationList;
			buildConfigurations = (
				2D2AC0A21B4D491F0075106D /* Debug */,
				2D2AC0A31B4D491F0075106D /* Release */,
			);
			defaultConfigurationIsVisible = 0;
			defaultConfigurationName = Release;
		};
		2D2AC0A41B4D491F0075106D /* Build configuration list for PBXNativeTarget "exentriq-logo-designer" */ = {
			isa = XCConfigurationList;
			buildConfigurations = (
				2D2AC0A51B4D491F0075106D /* Debug */,
				2D2AC0A61B4D491F0075106D /* Release */,
			);
			defaultConfigurationIsVisible = 0;
			defaultConfigurationName = Release;
		};
		2D2AC0A71B4D491F0075106D /* Build configuration list for PBXNativeTarget "exentriq-logo-designerTests" */ = {
			isa = XCConfigurationList;
			buildConfigurations = (
				2D2AC0A81B4D491F0075106D /* Debug */,
				2D2AC0A91B4D491F0075106D /* Release */,
			);
			defaultConfigurationIsVisible = 0;
			defaultConfigurationName = Release;
		};
/* End XCConfigurationList section */

/* Begin XCVersionGroup section */
		2D2AC0881B4D491F0075106D /* exentriq_logo_designer.xcdatamodeld */ = {
			isa = XCVersionGroup;
			children = (
				2D2AC0891B4D491F0075106D /* exentriq_logo_designer.xcdatamodel */,
			);
			currentVersion = 2D2AC0891B4D491F0075106D /* exentriq_logo_designer.xcdatamodel */;
			path = exentriq_logo_designer.xcdatamodeld;
			sourceTree = "<group>";
			versionGroupType = wrapper.xcdatamodel;
		};
/* End XCVersionGroup section */
	};
	rootObject = 2D2AC0761B4D491F0075106D /* Project object */;
}
